// !$*UTF8*$!
{
	archiveVersion = 1;
	classes = {
	};
	objectVersion = 55;
	objects = {

/* Begin PBXBuildFile section */
		221E580A2906BC8E00D81CE8 /* MultiplePicker.swift in Sources */ = {isa = PBXBuildFile; fileRef = 221E58092906BC8E00D81CE8 /* MultiplePicker.swift */; };
		221E580C2906BEF500D81CE8 /* NumToDigits.swift in Sources */ = {isa = PBXBuildFile; fileRef = 221E580B2906BEF500D81CE8 /* NumToDigits.swift */; };
		22242C7328EF106D00138494 /* EmailHelper.swift in Sources */ = {isa = PBXBuildFile; fileRef = 22242C7228EF106D00138494 /* EmailHelper.swift */; };
		22242C7628EF263B00138494 /* Cupping Entity.swift in Sources */ = {isa = PBXBuildFile; fileRef = 22242C7528EF263B00138494 /* Cupping Entity.swift */; };
		22242C7828EF267500138494 /* Sample Entity.swift in Sources */ = {isa = PBXBuildFile; fileRef = 22242C7728EF267500138494 /* Sample Entity.swift */; };
		22242C7A28EF26A300138494 /* QCGroup Entity.swift in Sources */ = {isa = PBXBuildFile; fileRef = 22242C7928EF26A300138494 /* QCGroup Entity.swift */; };
		22242C7C28EF273700138494 /* SampleGeneralInfo Entity.swift in Sources */ = {isa = PBXBuildFile; fileRef = 22242C7B28EF273700138494 /* SampleGeneralInfo Entity.swift */; };
		22242C7E28EF274900138494 /* QualityCriteria Entity.swift in Sources */ = {isa = PBXBuildFile; fileRef = 22242C7D28EF274900138494 /* QualityCriteria Entity.swift */; };
		22242C8228EF27DD00138494 /* CuppingForm Entity.swift in Sources */ = {isa = PBXBuildFile; fileRef = 22242C8128EF27DD00138494 /* CuppingForm Entity.swift */; };
		22242C8428EF27FF00138494 /* QCGroupConfig Entity.swift in Sources */ = {isa = PBXBuildFile; fileRef = 22242C8328EF27FF00138494 /* QCGroupConfig Entity.swift */; };
		22242C8628EF281200138494 /* QCConfig Entity.swift in Sources */ = {isa = PBXBuildFile; fileRef = 22242C8528EF281200138494 /* QCConfig Entity.swift */; };
		22242C8828EF282900138494 /* QCGHint Entity.swift in Sources */ = {isa = PBXBuildFile; fileRef = 22242C8728EF282900138494 /* QCGHint Entity.swift */; };
		2247D98E28F1928000DD6678 /* Sample Hints Menu.swift in Sources */ = {isa = PBXBuildFile; fileRef = 2247D98D28F1928000DD6678 /* Sample Hints Menu.swift */; };
		226CF02428F19FAF00F853B9 /* QCHint Entity.swift in Sources */ = {isa = PBXBuildFile; fileRef = 226CF02328F19FAF00F853B9 /* QCHint Entity.swift */; };
		22784E0929040A0F00FC56F9 /* CoE.json in Resources */ = {isa = PBXBuildFile; fileRef = 22784E0829040A0F00FC56F9 /* CoE.json */; };
		228F857628FD90C000214198 /* SCI.json in Resources */ = {isa = PBXBuildFile; fileRef = 228F857528FD90C000214198 /* SCI.json */; };
		22B1905A28F3129500D79ABE /* Tester.swift in Sources */ = {isa = PBXBuildFile; fileRef = 22B1905928F3129400D79ABE /* Tester.swift */; };
		63083C0028B7A79C00874926 /* Sample Selector Tools.swift in Sources */ = {isa = PBXBuildFile; fileRef = 63083BFF28B7A79C00874926 /* Sample Selector Tools.swift */; };
		6309C775290B2931005D659A /* C MultiplePicker.swift in Sources */ = {isa = PBXBuildFile; fileRef = 6309C774290B2931005D659A /* C MultiplePicker.swift */; };
		630DE7B62869C99500D026A4 /* Sample.swift in Sources */ = {isa = PBXBuildFile; fileRef = 630DE7B52869C99500D026A4 /* Sample.swift */; };
		631C108028B0528F00620637 /* CFManager.swift in Sources */ = {isa = PBXBuildFile; fileRef = 631C107F28B0528F00620637 /* CFManager.swift */; };
		6324CE8B28E1E53F003E6088 /* Half Sheet.swift in Sources */ = {isa = PBXBuildFile; fileRef = 6324CE8A28E1E53F003E6088 /* Half Sheet.swift */; };
		6324CE8D28E20D95003E6088 /* Cupping Settings.swift in Sources */ = {isa = PBXBuildFile; fileRef = 6324CE8C28E20D95003E6088 /* Cupping Settings.swift */; };
		6327BEB828609432000CB3AB /* DataModel.xcdatamodeld in Sources */ = {isa = PBXBuildFile; fileRef = 6327BEB628609432000CB3AB /* DataModel.xcdatamodeld */; };
		6329E314291022E4003495AE /* C MuliplePicker Value.swift in Sources */ = {isa = PBXBuildFile; fileRef = 6329E313291022E4003495AE /* C MuliplePicker Value.swift */; };
		633B68C928916F77005D32C0 /* Launch Screen.storyboard in Resources */ = {isa = PBXBuildFile; fileRef = 633B68C828916F77005D32C0 /* Launch Screen.storyboard */; };
		633C5037287090C6006B398E /* Cupping.swift in Sources */ = {isa = PBXBuildFile; fileRef = 633C5036287090C6006B398E /* Cupping.swift */; };
		633D416929AE97C1002B4CCB /* UIImage coding.swift in Sources */ = {isa = PBXBuildFile; fileRef = 633D416829AE97C1002B4CCB /* UIImage coding.swift */; };
		633FBD5F28A2597100A93781 /* Stopwatch.swift in Sources */ = {isa = PBXBuildFile; fileRef = 633FBD5E28A2597100A93781 /* Stopwatch.swift */; };
		634E5EFD287BF042004A9A76 /* Settings.swift in Sources */ = {isa = PBXBuildFile; fileRef = 634E5EFC287BF042004A9A76 /* Settings.swift */; };
		635456B929C8F046000EE89C /* Sample Info Toolbar.swift in Sources */ = {isa = PBXBuildFile; fileRef = 635456B829C8F046000EE89C /* Sample Info Toolbar.swift */; };
		635AFC4328A913A1007B78C0 /* Name Generator.swift in Sources */ = {isa = PBXBuildFile; fileRef = 635AFC4228A913A1007B78C0 /* Name Generator.swift */; };
		6360D51A28CF3FD700D51D0D /* Cupping Tab.swift in Sources */ = {isa = PBXBuildFile; fileRef = 6360D51928CF3FD700D51D0D /* Cupping Tab.swift */; };
		636289F429AE55B900728CAC /* Ob Cupping Forms.swift in Sources */ = {isa = PBXBuildFile; fileRef = 636289F329AE55B900728CAC /* Ob Cupping Forms.swift */; };
		636289F629AE55CB00728CAC /* Ob General Info.swift in Sources */ = {isa = PBXBuildFile; fileRef = 636289F529AE55CB00728CAC /* Ob General Info.swift */; };
		63684CD929AA78C8009C1BDA /* Localizable.strings in Resources */ = {isa = PBXBuildFile; fileRef = 63684CDB29AA78C8009C1BDA /* Localizable.strings */; };
		636857FF28593EDB0076E780 /* Slider.swift in Sources */ = {isa = PBXBuildFile; fileRef = 636857FE28593EDB0076E780 /* Slider.swift */; };
		636BC08E290ADFBD00914389 /* Radio Value.swift in Sources */ = {isa = PBXBuildFile; fileRef = 636BC08D290ADFBD00914389 /* Radio Value.swift */; };
		637348D2288D7FD700689C96 /* Slider Value.swift in Sources */ = {isa = PBXBuildFile; fileRef = 637348D1288D7FD700689C96 /* Slider Value.swift */; };
		63742D18287EA998001E8DAB /* Persistence.swift in Sources */ = {isa = PBXBuildFile; fileRef = 63742D17287EA998001E8DAB /* Persistence.swift */; };
		63742D6628801D02001E8DAB /* CloudKit.framework in Frameworks */ = {isa = PBXBuildFile; fileRef = 63742D6528801D02001E8DAB /* CloudKit.framework */; };
		6381530528C8DE00008816C9 /* CuppingFormsTests.swift in Sources */ = {isa = PBXBuildFile; fileRef = 6381530428C8DE00008816C9 /* CuppingFormsTests.swift */; };
		6381BAFF29AF8C3D00509AED /* SA Critera.swift in Sources */ = {isa = PBXBuildFile; fileRef = 6381BAFE29AF8C3D00509AED /* SA Critera.swift */; };
		6381BB0129AF8C4E00509AED /* SA Info.swift in Sources */ = {isa = PBXBuildFile; fileRef = 6381BB0029AF8C4E00509AED /* SA Info.swift */; };
		6381BB0329AF8C5900509AED /* SA Preview.swift in Sources */ = {isa = PBXBuildFile; fileRef = 6381BB0229AF8C5900509AED /* SA Preview.swift */; };
		6381BB0529AF8CD700509AED /* SA Form Row.swift in Sources */ = {isa = PBXBuildFile; fileRef = 6381BB0429AF8CD700509AED /* SA Form Row.swift */; };
		63842F09288301FC0014E2C5 /* Evaluation Types.swift in Sources */ = {isa = PBXBuildFile; fileRef = 63842F08288301FC0014E2C5 /* Evaluation Types.swift */; };
		638CBE9C28C23BBF00B05A03 /* SCA.json in Resources */ = {isa = PBXBuildFile; fileRef = 638CBE9B28C23BBF00B05A03 /* SCA.json */; };
		6399635A299E7B370099B4BB /* Colors.swift in Sources */ = {isa = PBXBuildFile; fileRef = 63996359299E7B370099B4BB /* Colors.swift */; };
		639FB1D929BCDD6D00503658 /* Pinch to Zoom.swift in Sources */ = {isa = PBXBuildFile; fileRef = 639FB1D829BCDD6D00503658 /* Pinch to Zoom.swift */; };
		639FD0A1287B534700FA19A0 /* Sample Selector.swift in Sources */ = {isa = PBXBuildFile; fileRef = 639FD0A0287B534700FA19A0 /* Sample Selector.swift */; };
		63A40DF12917A7190019B33C /* S General Info.swift in Sources */ = {isa = PBXBuildFile; fileRef = 63A40DF02917A7190019B33C /* S General Info.swift */; };
		63BCCE9328DF834700BD3FB9 /* Cupping Model.swift in Sources */ = {isa = PBXBuildFile; fileRef = 63BCCE9228DF834700BD3FB9 /* Cupping Model.swift */; };
		63BCCE9528DF896900BD3FB9 /* Cupping Toolbar.swift in Sources */ = {isa = PBXBuildFile; fileRef = 63BCCE9428DF896900BD3FB9 /* Cupping Toolbar.swift */; };
		63CA045829A58D3F008EEE1F /* S Slider.swift in Sources */ = {isa = PBXBuildFile; fileRef = 63CA045729A58D3F008EEE1F /* S Slider.swift */; };
		63CE1B7D28DD9C4D0035171A /* Radar Chart.swift in Sources */ = {isa = PBXBuildFile; fileRef = 63CE1B7C28DD9C4D0035171A /* Radar Chart.swift */; };
		63D892DC28C9E75800F68505 /* CFModel.swift in Sources */ = {isa = PBXBuildFile; fileRef = 63D892DB28C9E75800F68505 /* CFModel.swift */; };
		63D892DF28C9EC3400F68505 /* S Cupping Forms.swift in Sources */ = {isa = PBXBuildFile; fileRef = 63D892DE28C9EC3400F68505 /* S Cupping Forms.swift */; };
		63D892E628C9EED600F68505 /* Hide Keyboard.swift in Sources */ = {isa = PBXBuildFile; fileRef = 63D892E528C9EED600F68505 /* Hide Keyboard.swift */; };
		63D892E828C9EF5C00F68505 /* AppStorage extensions.swift in Sources */ = {isa = PBXBuildFile; fileRef = 63D892E728C9EF5C00F68505 /* AppStorage extensions.swift */; };
		63D892ED28CA068500F68505 /* ViewModifier.swift in Sources */ = {isa = PBXBuildFile; fileRef = 63D892EC28CA068500F68505 /* ViewModifier.swift */; };
		63DC7A562801BE7800010318 /* CupTasterApp.swift in Sources */ = {isa = PBXBuildFile; fileRef = 63DC7A552801BE7800010318 /* CupTasterApp.swift */; };
		63DC7A582801BE7800010318 /* ContentView.swift in Sources */ = {isa = PBXBuildFile; fileRef = 63DC7A572801BE7800010318 /* ContentView.swift */; };
		63DC7A5A2801BE7A00010318 /* Assets.xcassets in Resources */ = {isa = PBXBuildFile; fileRef = 63DC7A592801BE7A00010318 /* Assets.xcassets */; };
		63DC7A5D2801BE7A00010318 /* Preview Assets.xcassets in Resources */ = {isa = PBXBuildFile; fileRef = 63DC7A5C2801BE7A00010318 /* Preview Assets.xcassets */; };
		63DCCE1B28B1C3CA00B72AEB /* C Checkboxes Value.swift in Sources */ = {isa = PBXBuildFile; fileRef = 63DCCE1A28B1C3CA00B72AEB /* C Checkboxes Value.swift */; };
		63E0131D289431B300AC4645 /* Onboarding.swift in Sources */ = {isa = PBXBuildFile; fileRef = 63E0131C289431B300AC4645 /* Onboarding.swift */; };
		63E6B7C22886E470001A312F /* Evaluation.swift in Sources */ = {isa = PBXBuildFile; fileRef = 63E6B7C12886E470001A312F /* Evaluation.swift */; };
		63E6B7C62886FEAC001A312F /* Evaluation Header.swift in Sources */ = {isa = PBXBuildFile; fileRef = 63E6B7C52886FEAC001A312F /* Evaluation Header.swift */; };
		63E6B7CB2886FFAA001A312F /* Radio.swift in Sources */ = {isa = PBXBuildFile; fileRef = 63E6B7CA2886FFAA001A312F /* Radio.swift */; };
		63E6B7CD2886FFBD001A312F /* C Checkboxes.swift in Sources */ = {isa = PBXBuildFile; fileRef = 63E6B7CC2886FFBD001A312F /* C Checkboxes.swift */; };
		63ED3A4428D0C8C100CCF032 /* Evaluation Group.swift in Sources */ = {isa = PBXBuildFile; fileRef = 63ED3A4328D0C8C100CCF032 /* Evaluation Group.swift */; };
		63FE4B1829C8A37D00B17B90 /* Cupping Samples Editor.swift in Sources */ = {isa = PBXBuildFile; fileRef = 63FE4B1729C8A37D00B17B90 /* Cupping Samples Editor.swift */; };
		63FE4B1A29C8A40400B17B90 /* Cupping Samples Preview.swift in Sources */ = {isa = PBXBuildFile; fileRef = 63FE4B1929C8A40400B17B90 /* Cupping Samples Preview.swift */; };
		63FE4B1C29C8A47200B17B90 /* Cupping Selected Hint.swift in Sources */ = {isa = PBXBuildFile; fileRef = 63FE4B1B29C8A47200B17B90 /* Cupping Selected Hint.swift */; };
/* End PBXBuildFile section */

/* Begin PBXContainerItemProxy section */
		6381530628C8DE00008816C9 /* PBXContainerItemProxy */ = {
			isa = PBXContainerItemProxy;
			containerPortal = 63DC7A4A2801BE7800010318 /* Project object */;
			proxyType = 1;
			remoteGlobalIDString = 63DC7A512801BE7800010318;
			remoteInfo = CupTaster;
		};
/* End PBXContainerItemProxy section */

/* Begin PBXFileReference section */
		221E58092906BC8E00D81CE8 /* MultiplePicker.swift */ = {isa = PBXFileReference; lastKnownFileType = sourcecode.swift; path = MultiplePicker.swift; sourceTree = "<group>"; };
		221E580B2906BEF500D81CE8 /* NumToDigits.swift */ = {isa = PBXFileReference; lastKnownFileType = sourcecode.swift; path = NumToDigits.swift; sourceTree = "<group>"; };
		22242C7228EF106D00138494 /* EmailHelper.swift */ = {isa = PBXFileReference; lastKnownFileType = sourcecode.swift; path = EmailHelper.swift; sourceTree = "<group>"; };
		22242C7528EF263B00138494 /* Cupping Entity.swift */ = {isa = PBXFileReference; lastKnownFileType = sourcecode.swift; path = "Cupping Entity.swift"; sourceTree = "<group>"; };
		22242C7728EF267500138494 /* Sample Entity.swift */ = {isa = PBXFileReference; lastKnownFileType = sourcecode.swift; path = "Sample Entity.swift"; sourceTree = "<group>"; };
		22242C7928EF26A300138494 /* QCGroup Entity.swift */ = {isa = PBXFileReference; lastKnownFileType = sourcecode.swift; path = "QCGroup Entity.swift"; sourceTree = "<group>"; };
		22242C7B28EF273700138494 /* SampleGeneralInfo Entity.swift */ = {isa = PBXFileReference; lastKnownFileType = sourcecode.swift; path = "SampleGeneralInfo Entity.swift"; sourceTree = "<group>"; };
		22242C7D28EF274900138494 /* QualityCriteria Entity.swift */ = {isa = PBXFileReference; lastKnownFileType = sourcecode.swift; path = "QualityCriteria Entity.swift"; sourceTree = "<group>"; };
		22242C8128EF27DD00138494 /* CuppingForm Entity.swift */ = {isa = PBXFileReference; lastKnownFileType = sourcecode.swift; path = "CuppingForm Entity.swift"; sourceTree = "<group>"; };
		22242C8328EF27FF00138494 /* QCGroupConfig Entity.swift */ = {isa = PBXFileReference; lastKnownFileType = sourcecode.swift; path = "QCGroupConfig Entity.swift"; sourceTree = "<group>"; };
		22242C8528EF281200138494 /* QCConfig Entity.swift */ = {isa = PBXFileReference; lastKnownFileType = sourcecode.swift; path = "QCConfig Entity.swift"; sourceTree = "<group>"; };
		22242C8728EF282900138494 /* QCGHint Entity.swift */ = {isa = PBXFileReference; lastKnownFileType = sourcecode.swift; path = "QCGHint Entity.swift"; sourceTree = "<group>"; };
		2247D98D28F1928000DD6678 /* Sample Hints Menu.swift */ = {isa = PBXFileReference; lastKnownFileType = sourcecode.swift; path = "Sample Hints Menu.swift"; sourceTree = "<group>"; };
		226CF02328F19FAF00F853B9 /* QCHint Entity.swift */ = {isa = PBXFileReference; lastKnownFileType = sourcecode.swift; path = "QCHint Entity.swift"; sourceTree = "<group>"; };
		22784E0829040A0F00FC56F9 /* CoE.json */ = {isa = PBXFileReference; lastKnownFileType = text.json; path = CoE.json; sourceTree = "<group>"; };
		228F857528FD90C000214198 /* SCI.json */ = {isa = PBXFileReference; lastKnownFileType = text.json; path = SCI.json; sourceTree = "<group>"; };
		22B1905928F3129400D79ABE /* Tester.swift */ = {isa = PBXFileReference; lastKnownFileType = sourcecode.swift; path = Tester.swift; sourceTree = "<group>"; };
		63083BFF28B7A79C00874926 /* Sample Selector Tools.swift */ = {isa = PBXFileReference; lastKnownFileType = sourcecode.swift; path = "Sample Selector Tools.swift"; sourceTree = "<group>"; };
		6309C774290B2931005D659A /* C MultiplePicker.swift */ = {isa = PBXFileReference; lastKnownFileType = sourcecode.swift; path = "C MultiplePicker.swift"; sourceTree = "<group>"; };
		630DE7B52869C99500D026A4 /* Sample.swift */ = {isa = PBXFileReference; lastKnownFileType = sourcecode.swift; path = Sample.swift; sourceTree = "<group>"; };
		631C107F28B0528F00620637 /* CFManager.swift */ = {isa = PBXFileReference; lastKnownFileType = sourcecode.swift; path = CFManager.swift; sourceTree = "<group>"; };
		6324CE8A28E1E53F003E6088 /* Half Sheet.swift */ = {isa = PBXFileReference; lastKnownFileType = sourcecode.swift; path = "Half Sheet.swift"; sourceTree = "<group>"; };
		6324CE8C28E20D95003E6088 /* Cupping Settings.swift */ = {isa = PBXFileReference; lastKnownFileType = sourcecode.swift; path = "Cupping Settings.swift"; sourceTree = "<group>"; };
		6327BEB728609432000CB3AB /* DataModel.xcdatamodel */ = {isa = PBXFileReference; lastKnownFileType = wrapper.xcdatamodel; path = DataModel.xcdatamodel; sourceTree = "<group>"; };
		6329E313291022E4003495AE /* C MuliplePicker Value.swift */ = {isa = PBXFileReference; lastKnownFileType = sourcecode.swift; path = "C MuliplePicker Value.swift"; sourceTree = "<group>"; };
		633B68C828916F77005D32C0 /* Launch Screen.storyboard */ = {isa = PBXFileReference; lastKnownFileType = file.storyboard; path = "Launch Screen.storyboard"; sourceTree = "<group>"; };
		633C5036287090C6006B398E /* Cupping.swift */ = {isa = PBXFileReference; lastKnownFileType = sourcecode.swift; path = Cupping.swift; sourceTree = "<group>"; };
		633D416829AE97C1002B4CCB /* UIImage coding.swift */ = {isa = PBXFileReference; lastKnownFileType = sourcecode.swift; path = "UIImage coding.swift"; sourceTree = "<group>"; };
		633FBD5E28A2597100A93781 /* Stopwatch.swift */ = {isa = PBXFileReference; lastKnownFileType = sourcecode.swift; path = Stopwatch.swift; sourceTree = "<group>"; };
		634E5EFC287BF042004A9A76 /* Settings.swift */ = {isa = PBXFileReference; lastKnownFileType = sourcecode.swift; path = Settings.swift; sourceTree = "<group>"; };
		635456B829C8F046000EE89C /* Sample Info Toolbar.swift */ = {isa = PBXFileReference; lastKnownFileType = sourcecode.swift; path = "Sample Info Toolbar.swift"; sourceTree = "<group>"; };
		635AFC4228A913A1007B78C0 /* Name Generator.swift */ = {isa = PBXFileReference; lastKnownFileType = sourcecode.swift; path = "Name Generator.swift"; sourceTree = "<group>"; };
		6360D51928CF3FD700D51D0D /* Cupping Tab.swift */ = {isa = PBXFileReference; lastKnownFileType = sourcecode.swift; path = "Cupping Tab.swift"; sourceTree = "<group>"; };
		636289F329AE55B900728CAC /* Ob Cupping Forms.swift */ = {isa = PBXFileReference; lastKnownFileType = sourcecode.swift; path = "Ob Cupping Forms.swift"; sourceTree = "<group>"; };
		636289F529AE55CB00728CAC /* Ob General Info.swift */ = {isa = PBXFileReference; lastKnownFileType = sourcecode.swift; path = "Ob General Info.swift"; sourceTree = "<group>"; };
		63684CDA29AA78C8009C1BDA /* en */ = {isa = PBXFileReference; lastKnownFileType = text.plist.strings; name = en; path = en.lproj/Localizable.strings; sourceTree = "<group>"; };
		63684CDD29AA7986009C1BDA /* ru */ = {isa = PBXFileReference; lastKnownFileType = text.plist.strings; name = ru; path = ru.lproj/Localizable.strings; sourceTree = "<group>"; };
		636857FE28593EDB0076E780 /* Slider.swift */ = {isa = PBXFileReference; lastKnownFileType = sourcecode.swift; path = Slider.swift; sourceTree = "<group>"; };
		636BC08D290ADFBD00914389 /* Radio Value.swift */ = {isa = PBXFileReference; lastKnownFileType = sourcecode.swift; path = "Radio Value.swift"; sourceTree = "<group>"; };
		6371088A288032F60073348C /* Info.plist */ = {isa = PBXFileReference; lastKnownFileType = text.plist.xml; path = Info.plist; sourceTree = "<group>"; };
		637348D1288D7FD700689C96 /* Slider Value.swift */ = {isa = PBXFileReference; lastKnownFileType = sourcecode.swift; path = "Slider Value.swift"; sourceTree = "<group>"; };
		63742D17287EA998001E8DAB /* Persistence.swift */ = {isa = PBXFileReference; lastKnownFileType = sourcecode.swift; path = Persistence.swift; sourceTree = "<group>"; };
		63742D6328801CF5001E8DAB /* CupTaster.entitlements */ = {isa = PBXFileReference; lastKnownFileType = text.plist.entitlements; path = CupTaster.entitlements; sourceTree = "<group>"; };
		63742D6528801D02001E8DAB /* CloudKit.framework */ = {isa = PBXFileReference; lastKnownFileType = wrapper.framework; name = CloudKit.framework; path = System/Library/Frameworks/CloudKit.framework; sourceTree = SDKROOT; };
		6381530228C8DE00008816C9 /* CupTasterTests.xctest */ = {isa = PBXFileReference; explicitFileType = wrapper.cfbundle; includeInIndex = 0; path = CupTasterTests.xctest; sourceTree = BUILT_PRODUCTS_DIR; };
		6381530428C8DE00008816C9 /* CuppingFormsTests.swift */ = {isa = PBXFileReference; lastKnownFileType = sourcecode.swift; path = CuppingFormsTests.swift; sourceTree = "<group>"; };
		6381BAFE29AF8C3D00509AED /* SA Critera.swift */ = {isa = PBXFileReference; lastKnownFileType = sourcecode.swift; path = "SA Critera.swift"; sourceTree = "<group>"; };
		6381BB0029AF8C4E00509AED /* SA Info.swift */ = {isa = PBXFileReference; lastKnownFileType = sourcecode.swift; path = "SA Info.swift"; sourceTree = "<group>"; };
		6381BB0229AF8C5900509AED /* SA Preview.swift */ = {isa = PBXFileReference; lastKnownFileType = sourcecode.swift; path = "SA Preview.swift"; sourceTree = "<group>"; };
		6381BB0429AF8CD700509AED /* SA Form Row.swift */ = {isa = PBXFileReference; lastKnownFileType = sourcecode.swift; path = "SA Form Row.swift"; sourceTree = "<group>"; };
		63842F08288301FC0014E2C5 /* Evaluation Types.swift */ = {isa = PBXFileReference; lastKnownFileType = sourcecode.swift; path = "Evaluation Types.swift"; sourceTree = "<group>"; };
		638CBE9B28C23BBF00B05A03 /* SCA.json */ = {isa = PBXFileReference; fileEncoding = 4; lastKnownFileType = text.json; path = SCA.json; sourceTree = "<group>"; };
		63996359299E7B370099B4BB /* Colors.swift */ = {isa = PBXFileReference; lastKnownFileType = sourcecode.swift; path = Colors.swift; sourceTree = "<group>"; };
		639FB1D829BCDD6D00503658 /* Pinch to Zoom.swift */ = {isa = PBXFileReference; lastKnownFileType = sourcecode.swift; path = "Pinch to Zoom.swift"; sourceTree = "<group>"; };
		639FD0A0287B534700FA19A0 /* Sample Selector.swift */ = {isa = PBXFileReference; lastKnownFileType = sourcecode.swift; path = "Sample Selector.swift"; sourceTree = "<group>"; };
		63A40DF02917A7190019B33C /* S General Info.swift */ = {isa = PBXFileReference; lastKnownFileType = sourcecode.swift; path = "S General Info.swift"; sourceTree = "<group>"; };
		63BCCE9228DF834700BD3FB9 /* Cupping Model.swift */ = {isa = PBXFileReference; lastKnownFileType = sourcecode.swift; path = "Cupping Model.swift"; sourceTree = "<group>"; };
		63BCCE9428DF896900BD3FB9 /* Cupping Toolbar.swift */ = {isa = PBXFileReference; lastKnownFileType = sourcecode.swift; path = "Cupping Toolbar.swift"; sourceTree = "<group>"; };
		63CA045729A58D3F008EEE1F /* S Slider.swift */ = {isa = PBXFileReference; lastKnownFileType = sourcecode.swift; path = "S Slider.swift"; sourceTree = "<group>"; };
		63CE1B7C28DD9C4D0035171A /* Radar Chart.swift */ = {isa = PBXFileReference; lastKnownFileType = sourcecode.swift; path = "Radar Chart.swift"; sourceTree = "<group>"; };
		63D892DB28C9E75800F68505 /* CFModel.swift */ = {isa = PBXFileReference; lastKnownFileType = sourcecode.swift; path = CFModel.swift; sourceTree = "<group>"; };
		63D892DE28C9EC3400F68505 /* S Cupping Forms.swift */ = {isa = PBXFileReference; lastKnownFileType = sourcecode.swift; path = "S Cupping Forms.swift"; sourceTree = "<group>"; };
		63D892E528C9EED600F68505 /* Hide Keyboard.swift */ = {isa = PBXFileReference; lastKnownFileType = sourcecode.swift; path = "Hide Keyboard.swift"; sourceTree = "<group>"; };
		63D892E728C9EF5C00F68505 /* AppStorage extensions.swift */ = {isa = PBXFileReference; lastKnownFileType = sourcecode.swift; path = "AppStorage extensions.swift"; sourceTree = "<group>"; };
		63D892EC28CA068500F68505 /* ViewModifier.swift */ = {isa = PBXFileReference; lastKnownFileType = sourcecode.swift; path = ViewModifier.swift; sourceTree = "<group>"; };
		63DC7A522801BE7800010318 /* CupTaster.app */ = {isa = PBXFileReference; explicitFileType = wrapper.application; includeInIndex = 0; path = CupTaster.app; sourceTree = BUILT_PRODUCTS_DIR; };
		63DC7A552801BE7800010318 /* CupTasterApp.swift */ = {isa = PBXFileReference; lastKnownFileType = sourcecode.swift; path = CupTasterApp.swift; sourceTree = "<group>"; };
		63DC7A572801BE7800010318 /* ContentView.swift */ = {isa = PBXFileReference; lastKnownFileType = sourcecode.swift; path = ContentView.swift; sourceTree = "<group>"; wrapsLines = 1; };
		63DC7A592801BE7A00010318 /* Assets.xcassets */ = {isa = PBXFileReference; lastKnownFileType = folder.assetcatalog; path = Assets.xcassets; sourceTree = "<group>"; };
		63DC7A5C2801BE7A00010318 /* Preview Assets.xcassets */ = {isa = PBXFileReference; lastKnownFileType = folder.assetcatalog; path = "Preview Assets.xcassets"; sourceTree = "<group>"; };
		63DCCE1A28B1C3CA00B72AEB /* C Checkboxes Value.swift */ = {isa = PBXFileReference; lastKnownFileType = sourcecode.swift; path = "C Checkboxes Value.swift"; sourceTree = "<group>"; };
		63E0131C289431B300AC4645 /* Onboarding.swift */ = {isa = PBXFileReference; lastKnownFileType = sourcecode.swift; path = Onboarding.swift; sourceTree = "<group>"; };
		63E6B7C12886E470001A312F /* Evaluation.swift */ = {isa = PBXFileReference; lastKnownFileType = sourcecode.swift; path = Evaluation.swift; sourceTree = "<group>"; };
		63E6B7C52886FEAC001A312F /* Evaluation Header.swift */ = {isa = PBXFileReference; lastKnownFileType = sourcecode.swift; path = "Evaluation Header.swift"; sourceTree = "<group>"; };
		63E6B7CA2886FFAA001A312F /* Radio.swift */ = {isa = PBXFileReference; lastKnownFileType = sourcecode.swift; path = Radio.swift; sourceTree = "<group>"; };
		63E6B7CC2886FFBD001A312F /* C Checkboxes.swift */ = {isa = PBXFileReference; lastKnownFileType = sourcecode.swift; path = "C Checkboxes.swift"; sourceTree = "<group>"; };
		63ED3A4328D0C8C100CCF032 /* Evaluation Group.swift */ = {isa = PBXFileReference; lastKnownFileType = sourcecode.swift; path = "Evaluation Group.swift"; sourceTree = "<group>"; };
		63FE4B1729C8A37D00B17B90 /* Cupping Samples Editor.swift */ = {isa = PBXFileReference; lastKnownFileType = sourcecode.swift; path = "Cupping Samples Editor.swift"; sourceTree = "<group>"; };
		63FE4B1929C8A40400B17B90 /* Cupping Samples Preview.swift */ = {isa = PBXFileReference; lastKnownFileType = sourcecode.swift; path = "Cupping Samples Preview.swift"; sourceTree = "<group>"; };
		63FE4B1B29C8A47200B17B90 /* Cupping Selected Hint.swift */ = {isa = PBXFileReference; lastKnownFileType = sourcecode.swift; path = "Cupping Selected Hint.swift"; sourceTree = "<group>"; };
/* End PBXFileReference section */

/* Begin PBXFrameworksBuildPhase section */
		638152FF28C8DE00008816C9 /* Frameworks */ = {
			isa = PBXFrameworksBuildPhase;
			buildActionMask = 2147483647;
			files = (
			);
			runOnlyForDeploymentPostprocessing = 0;
		};
		63DC7A4F2801BE7800010318 /* Frameworks */ = {
			isa = PBXFrameworksBuildPhase;
			buildActionMask = 2147483647;
			files = (
				63742D6628801D02001E8DAB /* CloudKit.framework in Frameworks */,
			);
			runOnlyForDeploymentPostprocessing = 0;
		};
/* End PBXFrameworksBuildPhase section */

/* Begin PBXGroup section */
		22242C8A28EF290F00138494 /* Codable Entities */ = {
			isa = PBXGroup;
			children = (
				22242C8128EF27DD00138494 /* CuppingForm Entity.swift */,
				22242C8528EF281200138494 /* QCConfig Entity.swift */,
				22242C8328EF27FF00138494 /* QCGroupConfig Entity.swift */,
				22242C8728EF282900138494 /* QCGHint Entity.swift */,
				226CF02328F19FAF00F853B9 /* QCHint Entity.swift */,
			);
			path = "Codable Entities";
			sourceTree = "<group>";
		};
		22242C8B28EF291B00138494 /* Entities */ = {
			isa = PBXGroup;
			children = (
				22242C7528EF263B00138494 /* Cupping Entity.swift */,
				22242C7728EF267500138494 /* Sample Entity.swift */,
				22242C7B28EF273700138494 /* SampleGeneralInfo Entity.swift */,
				22242C7D28EF274900138494 /* QualityCriteria Entity.swift */,
				22242C7928EF26A300138494 /* QCGroup Entity.swift */,
			);
			path = Entities;
			sourceTree = "<group>";
		};
		635AFC4128A9138E007B78C0 /* Cupping */ = {
			isa = PBXGroup;
			children = (
				6360D51928CF3FD700D51D0D /* Cupping Tab.swift */,
				633C5036287090C6006B398E /* Cupping.swift */,
				63BCCE9228DF834700BD3FB9 /* Cupping Model.swift */,
				6324CE8C28E20D95003E6088 /* Cupping Settings.swift */,
				63FE4B1D29C8A5CE00B17B90 /* Appearances */,
			);
			path = Cupping;
			sourceTree = "<group>";
		};
		6371088F28803E520073348C /* Cupping Forms */ = {
			isa = PBXGroup;
			children = (
				631C107F28B0528F00620637 /* CFManager.swift */,
				63D892DB28C9E75800F68505 /* CFModel.swift */,
				638CBE9B28C23BBF00B05A03 /* SCA.json */,
				228F857528FD90C000214198 /* SCI.json */,
				22784E0829040A0F00FC56F9 /* CoE.json */,
			);
			path = "Cupping Forms";
			sourceTree = "<group>";
		};
		637348D0288D7F9F00689C96 /* Header Value */ = {
			isa = PBXGroup;
			children = (
				637348D1288D7FD700689C96 /* Slider Value.swift */,
				636BC08D290ADFBD00914389 /* Radio Value.swift */,
				63DCCE1A28B1C3CA00B72AEB /* C Checkboxes Value.swift */,
				6329E313291022E4003495AE /* C MuliplePicker Value.swift */,
			);
			path = "Header Value";
			sourceTree = "<group>";
		};
		63742D16287EA8AB001E8DAB /* CoreData */ = {
			isa = PBXGroup;
			children = (
				22242C8B28EF291B00138494 /* Entities */,
				22242C8A28EF290F00138494 /* Codable Entities */,
				63742D17287EA998001E8DAB /* Persistence.swift */,
				6327BEB628609432000CB3AB /* DataModel.xcdatamodeld */,
			);
			path = CoreData;
			sourceTree = "<group>";
		};
		63742D6428801D02001E8DAB /* Frameworks */ = {
			isa = PBXGroup;
			children = (
				63742D6528801D02001E8DAB /* CloudKit.framework */,
			);
			name = Frameworks;
			sourceTree = "<group>";
		};
		6381530328C8DE00008816C9 /* CupTasterTests */ = {
			isa = PBXGroup;
			children = (
				6381530428C8DE00008816C9 /* CuppingFormsTests.swift */,
			);
			path = CupTasterTests;
			sourceTree = "<group>";
		};
		6381BAFD29AF8B7D00509AED /* Toolbar */ = {
			isa = PBXGroup;
			children = (
				63BCCE9428DF896900BD3FB9 /* Cupping Toolbar.swift */,
				639FD0A0287B534700FA19A0 /* Sample Selector.swift */,
				63083BFF28B7A79C00874926 /* Sample Selector Tools.swift */,
			);
			path = Toolbar;
			sourceTree = "<group>";
		};
		6381BB0629AF8D1200509AED /* Appearances */ = {
			isa = PBXGroup;
			children = (
				6381BAFE29AF8C3D00509AED /* SA Critera.swift */,
				6381BB0029AF8C4E00509AED /* SA Info.swift */,
				6381BB0229AF8C5900509AED /* SA Preview.swift */,
				6381BB0429AF8CD700509AED /* SA Form Row.swift */,
			);
			path = Appearances;
			sourceTree = "<group>";
		};
		63BDE1E128B128DB000D99A5 /* Sample */ = {
			isa = PBXGroup;
			children = (
				630DE7B52869C99500D026A4 /* Sample.swift */,
				2247D98D28F1928000DD6678 /* Sample Hints Menu.swift */,
				635AFC4228A913A1007B78C0 /* Name Generator.swift */,
				63CE1B7C28DD9C4D0035171A /* Radar Chart.swift */,
				635456B829C8F046000EE89C /* Sample Info Toolbar.swift */,
				6381BB0629AF8D1200509AED /* Appearances */,
				63E6B7C32886E4DE001A312F /* Evaluation */,
			);
			path = Sample;
			sourceTree = "<group>";
		};
		63D892DD28C9EC0E00F68505 /* Settings */ = {
			isa = PBXGroup;
			children = (
				634E5EFC287BF042004A9A76 /* Settings.swift */,
				63D892DE28C9EC3400F68505 /* S Cupping Forms.swift */,
				63A40DF02917A7190019B33C /* S General Info.swift */,
				63CA045729A58D3F008EEE1F /* S Slider.swift */,
			);
			path = Settings;
			sourceTree = "<group>";
		};
		63D892E028C9EE4200F68505 /* Helpers */ = {
			isa = PBXGroup;
			children = (
				633FBD5E28A2597100A93781 /* Stopwatch.swift */,
				63D892E528C9EED600F68505 /* Hide Keyboard.swift */,
				63D892E728C9EF5C00F68505 /* AppStorage extensions.swift */,
				6324CE8A28E1E53F003E6088 /* Half Sheet.swift */,
				22242C7228EF106D00138494 /* EmailHelper.swift */,
				221E580B2906BEF500D81CE8 /* NumToDigits.swift */,
				63996359299E7B370099B4BB /* Colors.swift */,
				633D416829AE97C1002B4CCB /* UIImage coding.swift */,
				639FB1D829BCDD6D00503658 /* Pinch to Zoom.swift */,
			);
			path = Helpers;
			sourceTree = "<group>";
		};
		63D892EB28CA066200F68505 /* Onboarding */ = {
			isa = PBXGroup;
			children = (
				63D892EC28CA068500F68505 /* ViewModifier.swift */,
				63E0131C289431B300AC4645 /* Onboarding.swift */,
				636289F329AE55B900728CAC /* Ob Cupping Forms.swift */,
				636289F529AE55CB00728CAC /* Ob General Info.swift */,
			);
			path = Onboarding;
			sourceTree = "<group>";
		};
		63DC7A492801BE7800010318 = {
			isa = PBXGroup;
			children = (
				63DC7A542801BE7800010318 /* CupTaster */,
				6381530328C8DE00008816C9 /* CupTasterTests */,
				63DC7A532801BE7800010318 /* Products */,
				63742D6428801D02001E8DAB /* Frameworks */,
			);
			sourceTree = "<group>";
		};
		63DC7A532801BE7800010318 /* Products */ = {
			isa = PBXGroup;
			children = (
				63DC7A522801BE7800010318 /* CupTaster.app */,
				6381530228C8DE00008816C9 /* CupTasterTests.xctest */,
			);
			name = Products;
			sourceTree = "<group>";
		};
		63DC7A542801BE7800010318 /* CupTaster */ = {
			isa = PBXGroup;
			children = (
				63DC7A572801BE7800010318 /* ContentView.swift */,
				22B1905928F3129400D79ABE /* Tester.swift */,
				635AFC4128A9138E007B78C0 /* Cupping */,
				63BDE1E128B128DB000D99A5 /* Sample */,
				6381BAFD29AF8B7D00509AED /* Toolbar */,
				63D892DD28C9EC0E00F68505 /* Settings */,
				63D892EB28CA066200F68505 /* Onboarding */,
				6371088F28803E520073348C /* Cupping Forms */,
				63D892E028C9EE4200F68505 /* Helpers */,
				63742D16287EA8AB001E8DAB /* CoreData */,
				63FE777028A4EF0E005CAB53 /* Resources */,
			);
			path = CupTaster;
			sourceTree = "<group>";
		};
		63DC7A5B2801BE7A00010318 /* Preview Content */ = {
			isa = PBXGroup;
			children = (
				63DC7A5C2801BE7A00010318 /* Preview Assets.xcassets */,
			);
			path = "Preview Content";
			sourceTree = "<group>";
		};
		63E6B7C32886E4DE001A312F /* Evaluation */ = {
			isa = PBXGroup;
			children = (
				63842F08288301FC0014E2C5 /* Evaluation Types.swift */,
				63ED3A4328D0C8C100CCF032 /* Evaluation Group.swift */,
				63E6B7C52886FEAC001A312F /* Evaluation Header.swift */,
				63E6B7C12886E470001A312F /* Evaluation.swift */,
				637348D0288D7F9F00689C96 /* Header Value */,
				63E6B7C92886FF8F001A312F /* Subviews */,
			);
			path = Evaluation;
			sourceTree = "<group>";
		};
		63E6B7C92886FF8F001A312F /* Subviews */ = {
			isa = PBXGroup;
			children = (
				636857FE28593EDB0076E780 /* Slider.swift */,
				63E6B7CA2886FFAA001A312F /* Radio.swift */,
				221E58092906BC8E00D81CE8 /* MultiplePicker.swift */,
				63E6B7CC2886FFBD001A312F /* C Checkboxes.swift */,
				6309C774290B2931005D659A /* C MultiplePicker.swift */,
			);
			path = Subviews;
			sourceTree = "<group>";
		};
		63FE4B1D29C8A5CE00B17B90 /* Appearances */ = {
			isa = PBXGroup;
			children = (
				63FE4B1B29C8A47200B17B90 /* Cupping Selected Hint.swift */,
				63FE4B1929C8A40400B17B90 /* Cupping Samples Preview.swift */,
				63FE4B1729C8A37D00B17B90 /* Cupping Samples Editor.swift */,
			);
			path = Appearances;
			sourceTree = "<group>";
		};
		63FE777028A4EF0E005CAB53 /* Resources */ = {
			isa = PBXGroup;
			children = (
				63DC7A552801BE7800010318 /* CupTasterApp.swift */,
				63742D6328801CF5001E8DAB /* CupTaster.entitlements */,
				633B68C828916F77005D32C0 /* Launch Screen.storyboard */,
				63DC7A592801BE7A00010318 /* Assets.xcassets */,
				6371088A288032F60073348C /* Info.plist */,
				63684CDB29AA78C8009C1BDA /* Localizable.strings */,
				63DC7A5B2801BE7A00010318 /* Preview Content */,
			);
			path = Resources;
			sourceTree = "<group>";
		};
/* End PBXGroup section */

/* Begin PBXNativeTarget section */
		6381530128C8DE00008816C9 /* CupTasterTests */ = {
			isa = PBXNativeTarget;
			buildConfigurationList = 6381530A28C8DE01008816C9 /* Build configuration list for PBXNativeTarget "CupTasterTests" */;
			buildPhases = (
				638152FE28C8DE00008816C9 /* Sources */,
				638152FF28C8DE00008816C9 /* Frameworks */,
				6381530028C8DE00008816C9 /* Resources */,
			);
			buildRules = (
			);
			dependencies = (
				6381530728C8DE00008816C9 /* PBXTargetDependency */,
			);
			name = CupTasterTests;
			productName = CupTasterTests;
			productReference = 6381530228C8DE00008816C9 /* CupTasterTests.xctest */;
			productType = "com.apple.product-type.bundle.unit-test";
		};
		63DC7A512801BE7800010318 /* CupTaster */ = {
			isa = PBXNativeTarget;
			buildConfigurationList = 63DC7A602801BE7A00010318 /* Build configuration list for PBXNativeTarget "CupTaster" */;
			buildPhases = (
				63DC7A4E2801BE7800010318 /* Sources */,
				63DC7A4F2801BE7800010318 /* Frameworks */,
				63DC7A502801BE7800010318 /* Resources */,
			);
			buildRules = (
			);
			dependencies = (
			);
			name = CupTaster;
			productName = CupTaster;
			productReference = 63DC7A522801BE7800010318 /* CupTaster.app */;
			productType = "com.apple.product-type.application";
		};
/* End PBXNativeTarget section */

/* Begin PBXProject section */
		63DC7A4A2801BE7800010318 /* Project object */ = {
			isa = PBXProject;
			attributes = {
				BuildIndependentTargetsInParallel = 1;
				LastSwiftUpdateCheck = 1400;
				LastUpgradeCheck = 1420;
				TargetAttributes = {
					6381530128C8DE00008816C9 = {
						CreatedOnToolsVersion = 14.0;
						TestTargetID = 63DC7A512801BE7800010318;
					};
					63DC7A512801BE7800010318 = {
						CreatedOnToolsVersion = 13.3;
					};
				};
			};
			buildConfigurationList = 63DC7A4D2801BE7800010318 /* Build configuration list for PBXProject "CupTaster" */;
			compatibilityVersion = "Xcode 13.0";
			developmentRegion = en;
			hasScannedForEncodings = 0;
			knownRegions = (
				en,
				Base,
				ru,
			);
			mainGroup = 63DC7A492801BE7800010318;
			productRefGroup = 63DC7A532801BE7800010318 /* Products */;
			projectDirPath = "";
			projectRoot = "";
			targets = (
				63DC7A512801BE7800010318 /* CupTaster */,
				6381530128C8DE00008816C9 /* CupTasterTests */,
			);
		};
/* End PBXProject section */

/* Begin PBXResourcesBuildPhase section */
		6381530028C8DE00008816C9 /* Resources */ = {
			isa = PBXResourcesBuildPhase;
			buildActionMask = 2147483647;
			files = (
			);
			runOnlyForDeploymentPostprocessing = 0;
		};
		63DC7A502801BE7800010318 /* Resources */ = {
			isa = PBXResourcesBuildPhase;
			buildActionMask = 2147483647;
			files = (
				633B68C928916F77005D32C0 /* Launch Screen.storyboard in Resources */,
				63DC7A5D2801BE7A00010318 /* Preview Assets.xcassets in Resources */,
				638CBE9C28C23BBF00B05A03 /* SCA.json in Resources */,
				63684CD929AA78C8009C1BDA /* Localizable.strings in Resources */,
				22784E0929040A0F00FC56F9 /* CoE.json in Resources */,
				63DC7A5A2801BE7A00010318 /* Assets.xcassets in Resources */,
				228F857628FD90C000214198 /* SCI.json in Resources */,
			);
			runOnlyForDeploymentPostprocessing = 0;
		};
/* End PBXResourcesBuildPhase section */

/* Begin PBXSourcesBuildPhase section */
		638152FE28C8DE00008816C9 /* Sources */ = {
			isa = PBXSourcesBuildPhase;
			buildActionMask = 2147483647;
			files = (
				6381530528C8DE00008816C9 /* CuppingFormsTests.swift in Sources */,
			);
			runOnlyForDeploymentPostprocessing = 0;
		};
		63DC7A4E2801BE7800010318 /* Sources */ = {
			isa = PBXSourcesBuildPhase;
			buildActionMask = 2147483647;
			files = (
				63CE1B7D28DD9C4D0035171A /* Radar Chart.swift in Sources */,
				22242C7A28EF26A300138494 /* QCGroup Entity.swift in Sources */,
				63E6B7C62886FEAC001A312F /* Evaluation Header.swift in Sources */,
				22242C7328EF106D00138494 /* EmailHelper.swift in Sources */,
				63E6B7CD2886FFBD001A312F /* C Checkboxes.swift in Sources */,
				63FE4B1A29C8A40400B17B90 /* Cupping Samples Preview.swift in Sources */,
				63083C0028B7A79C00874926 /* Sample Selector Tools.swift in Sources */,
				22B1905A28F3129500D79ABE /* Tester.swift in Sources */,
				63BCCE9328DF834700BD3FB9 /* Cupping Model.swift in Sources */,
				63BCCE9528DF896900BD3FB9 /* Cupping Toolbar.swift in Sources */,
				6309C775290B2931005D659A /* C MultiplePicker.swift in Sources */,
				633D416929AE97C1002B4CCB /* UIImage coding.swift in Sources */,
				22242C7628EF263B00138494 /* Cupping Entity.swift in Sources */,
				6360D51A28CF3FD700D51D0D /* Cupping Tab.swift in Sources */,
				63DC7A582801BE7800010318 /* ContentView.swift in Sources */,
				63D892ED28CA068500F68505 /* ViewModifier.swift in Sources */,
				6381BB0129AF8C4E00509AED /* SA Info.swift in Sources */,
				63D892E828C9EF5C00F68505 /* AppStorage extensions.swift in Sources */,
				63D892DF28C9EC3400F68505 /* S Cupping Forms.swift in Sources */,
				6329E314291022E4003495AE /* C MuliplePicker Value.swift in Sources */,
				63DCCE1B28B1C3CA00B72AEB /* C Checkboxes Value.swift in Sources */,
				6327BEB828609432000CB3AB /* DataModel.xcdatamodeld in Sources */,
				221E580A2906BC8E00D81CE8 /* MultiplePicker.swift in Sources */,
				22242C7C28EF273700138494 /* SampleGeneralInfo Entity.swift in Sources */,
				22242C8628EF281200138494 /* QCConfig Entity.swift in Sources */,
				22242C8828EF282900138494 /* QCGHint Entity.swift in Sources */,
				6324CE8B28E1E53F003E6088 /* Half Sheet.swift in Sources */,
				631C108028B0528F00620637 /* CFManager.swift in Sources */,
				63D892DC28C9E75800F68505 /* CFModel.swift in Sources */,
				63ED3A4428D0C8C100CCF032 /* Evaluation Group.swift in Sources */,
				221E580C2906BEF500D81CE8 /* NumToDigits.swift in Sources */,
				63CA045829A58D3F008EEE1F /* S Slider.swift in Sources */,
				63842F09288301FC0014E2C5 /* Evaluation Types.swift in Sources */,
				6381BB0529AF8CD700509AED /* SA Form Row.swift in Sources */,
				630DE7B62869C99500D026A4 /* Sample.swift in Sources */,
				636BC08E290ADFBD00914389 /* Radio Value.swift in Sources */,
				6324CE8D28E20D95003E6088 /* Cupping Settings.swift in Sources */,
				22242C8228EF27DD00138494 /* CuppingForm Entity.swift in Sources */,
				637348D2288D7FD700689C96 /* Slider Value.swift in Sources */,
				636289F629AE55CB00728CAC /* Ob General Info.swift in Sources */,
				22242C8428EF27FF00138494 /* QCGroupConfig Entity.swift in Sources */,
				63A40DF12917A7190019B33C /* S General Info.swift in Sources */,
				6399635A299E7B370099B4BB /* Colors.swift in Sources */,
				636289F429AE55B900728CAC /* Ob Cupping Forms.swift in Sources */,
				633FBD5F28A2597100A93781 /* Stopwatch.swift in Sources */,
				635AFC4328A913A1007B78C0 /* Name Generator.swift in Sources */,
				22242C7E28EF274900138494 /* QualityCriteria Entity.swift in Sources */,
				636857FF28593EDB0076E780 /* Slider.swift in Sources */,
				63E6B7CB2886FFAA001A312F /* Radio.swift in Sources */,
				639FD0A1287B534700FA19A0 /* Sample Selector.swift in Sources */,
				63FE4B1829C8A37D00B17B90 /* Cupping Samples Editor.swift in Sources */,
				635456B929C8F046000EE89C /* Sample Info Toolbar.swift in Sources */,
				6381BAFF29AF8C3D00509AED /* SA Critera.swift in Sources */,
				6381BB0329AF8C5900509AED /* SA Preview.swift in Sources */,
				63DC7A562801BE7800010318 /* CupTasterApp.swift in Sources */,
				63E6B7C22886E470001A312F /* Evaluation.swift in Sources */,
				2247D98E28F1928000DD6678 /* Sample Hints Menu.swift in Sources */,
				634E5EFD287BF042004A9A76 /* Settings.swift in Sources */,
				63742D18287EA998001E8DAB /* Persistence.swift in Sources */,
				63E0131D289431B300AC4645 /* Onboarding.swift in Sources */,
				63FE4B1C29C8A47200B17B90 /* Cupping Selected Hint.swift in Sources */,
				63D892E628C9EED600F68505 /* Hide Keyboard.swift in Sources */,
				633C5037287090C6006B398E /* Cupping.swift in Sources */,
				226CF02428F19FAF00F853B9 /* QCHint Entity.swift in Sources */,
				639FB1D929BCDD6D00503658 /* Pinch to Zoom.swift in Sources */,
				22242C7828EF267500138494 /* Sample Entity.swift in Sources */,
			);
			runOnlyForDeploymentPostprocessing = 0;
		};
/* End PBXSourcesBuildPhase section */

/* Begin PBXTargetDependency section */
		6381530728C8DE00008816C9 /* PBXTargetDependency */ = {
			isa = PBXTargetDependency;
			target = 63DC7A512801BE7800010318 /* CupTaster */;
			targetProxy = 6381530628C8DE00008816C9 /* PBXContainerItemProxy */;
		};
/* End PBXTargetDependency section */

/* Begin PBXVariantGroup section */
		63684CDB29AA78C8009C1BDA /* Localizable.strings */ = {
			isa = PBXVariantGroup;
			children = (
				63684CDA29AA78C8009C1BDA /* en */,
				63684CDD29AA7986009C1BDA /* ru */,
			);
			name = Localizable.strings;
			sourceTree = "<group>";
		};
/* End PBXVariantGroup section */

/* Begin XCBuildConfiguration section */
		6381530828C8DE01008816C9 /* Debug */ = {
			isa = XCBuildConfiguration;
			buildSettings = {
				BUNDLE_LOADER = "$(TEST_HOST)";
				CODE_SIGN_STYLE = Automatic;
				CURRENT_PROJECT_VERSION = 1;
				DEVELOPMENT_TEAM = XW6LRWG87C;
				GENERATE_INFOPLIST_FILE = YES;
				IPHONEOS_DEPLOYMENT_TARGET = 16.0;
				MARKETING_VERSION = 1.0;
				PRODUCT_BUNDLE_IDENTIFIER = com.nnnkbrrr.CupTasterTests;
				PRODUCT_NAME = "$(TARGET_NAME)";
				SWIFT_EMIT_LOC_STRINGS = NO;
				SWIFT_VERSION = 5.0;
				TARGETED_DEVICE_FAMILY = "1,2";
				TEST_HOST = "$(BUILT_PRODUCTS_DIR)/CupTaster.app/$(BUNDLE_EXECUTABLE_FOLDER_PATH)/CupTaster";
			};
			name = Debug;
		};
		6381530928C8DE01008816C9 /* Release */ = {
			isa = XCBuildConfiguration;
			buildSettings = {
				BUNDLE_LOADER = "$(TEST_HOST)";
				CODE_SIGN_STYLE = Automatic;
				CURRENT_PROJECT_VERSION = 1;
				DEVELOPMENT_TEAM = XW6LRWG87C;
				GENERATE_INFOPLIST_FILE = YES;
				IPHONEOS_DEPLOYMENT_TARGET = 16.0;
				MARKETING_VERSION = 1.0;
				PRODUCT_BUNDLE_IDENTIFIER = com.nnnkbrrr.CupTasterTests;
				PRODUCT_NAME = "$(TARGET_NAME)";
				SWIFT_EMIT_LOC_STRINGS = NO;
				SWIFT_VERSION = 5.0;
				TARGETED_DEVICE_FAMILY = "1,2";
				TEST_HOST = "$(BUILT_PRODUCTS_DIR)/CupTaster.app/$(BUNDLE_EXECUTABLE_FOLDER_PATH)/CupTaster";
			};
			name = Release;
		};
		63DC7A5E2801BE7A00010318 /* Debug */ = {
			isa = XCBuildConfiguration;
			buildSettings = {
				ALWAYS_SEARCH_USER_PATHS = NO;
				CLANG_ANALYZER_LOCALIZABILITY_NONLOCALIZED = YES;
				CLANG_ANALYZER_NONNULL = YES;
				CLANG_ANALYZER_NUMBER_OBJECT_CONVERSION = YES_AGGRESSIVE;
				CLANG_CXX_LANGUAGE_STANDARD = "gnu++17";
				CLANG_ENABLE_MODULES = YES;
				CLANG_ENABLE_OBJC_ARC = YES;
				CLANG_ENABLE_OBJC_WEAK = YES;
				CLANG_WARN_BLOCK_CAPTURE_AUTORELEASING = YES;
				CLANG_WARN_BOOL_CONVERSION = YES;
				CLANG_WARN_COMMA = YES;
				CLANG_WARN_CONSTANT_CONVERSION = YES;
				CLANG_WARN_DEPRECATED_OBJC_IMPLEMENTATIONS = YES;
				CLANG_WARN_DIRECT_OBJC_ISA_USAGE = YES_ERROR;
				CLANG_WARN_DOCUMENTATION_COMMENTS = YES;
				CLANG_WARN_EMPTY_BODY = YES;
				CLANG_WARN_ENUM_CONVERSION = YES;
				CLANG_WARN_INFINITE_RECURSION = YES;
				CLANG_WARN_INT_CONVERSION = YES;
				CLANG_WARN_NON_LITERAL_NULL_CONVERSION = YES;
				CLANG_WARN_OBJC_IMPLICIT_RETAIN_SELF = YES;
				CLANG_WARN_OBJC_LITERAL_CONVERSION = YES;
				CLANG_WARN_OBJC_ROOT_CLASS = YES_ERROR;
				CLANG_WARN_QUOTED_INCLUDE_IN_FRAMEWORK_HEADER = YES;
				CLANG_WARN_RANGE_LOOP_ANALYSIS = YES;
				CLANG_WARN_STRICT_PROTOTYPES = YES;
				CLANG_WARN_SUSPICIOUS_MOVE = YES;
				CLANG_WARN_UNGUARDED_AVAILABILITY = YES_AGGRESSIVE;
				CLANG_WARN_UNREACHABLE_CODE = YES;
				CLANG_WARN__DUPLICATE_METHOD_MATCH = YES;
				COPY_PHASE_STRIP = NO;
				DEBUG_INFORMATION_FORMAT = dwarf;
				ENABLE_STRICT_OBJC_MSGSEND = YES;
				ENABLE_TESTABILITY = YES;
				GCC_C_LANGUAGE_STANDARD = gnu11;
				GCC_DYNAMIC_NO_PIC = NO;
				GCC_NO_COMMON_BLOCKS = YES;
				GCC_OPTIMIZATION_LEVEL = 0;
				GCC_PREPROCESSOR_DEFINITIONS = (
					"DEBUG=1",
					"$(inherited)",
				);
				GCC_WARN_64_TO_32_BIT_CONVERSION = YES;
				GCC_WARN_ABOUT_RETURN_TYPE = YES_ERROR;
				GCC_WARN_UNDECLARED_SELECTOR = YES;
				GCC_WARN_UNINITIALIZED_AUTOS = YES_AGGRESSIVE;
				GCC_WARN_UNUSED_FUNCTION = YES;
				GCC_WARN_UNUSED_VARIABLE = YES;
				IPHONEOS_DEPLOYMENT_TARGET = 15.0;
				MTL_ENABLE_DEBUG_INFO = INCLUDE_SOURCE;
				MTL_FAST_MATH = YES;
				ONLY_ACTIVE_ARCH = YES;
				SDKROOT = iphoneos;
				SWIFT_ACTIVE_COMPILATION_CONDITIONS = DEBUG;
				SWIFT_EMIT_LOC_STRINGS = YES;
				SWIFT_OPTIMIZATION_LEVEL = "-Onone";
			};
			name = Debug;
		};
		63DC7A5F2801BE7A00010318 /* Release */ = {
			isa = XCBuildConfiguration;
			buildSettings = {
				ALWAYS_SEARCH_USER_PATHS = NO;
				CLANG_ANALYZER_LOCALIZABILITY_NONLOCALIZED = YES;
				CLANG_ANALYZER_NONNULL = YES;
				CLANG_ANALYZER_NUMBER_OBJECT_CONVERSION = YES_AGGRESSIVE;
				CLANG_CXX_LANGUAGE_STANDARD = "gnu++17";
				CLANG_ENABLE_MODULES = YES;
				CLANG_ENABLE_OBJC_ARC = YES;
				CLANG_ENABLE_OBJC_WEAK = YES;
				CLANG_WARN_BLOCK_CAPTURE_AUTORELEASING = YES;
				CLANG_WARN_BOOL_CONVERSION = YES;
				CLANG_WARN_COMMA = YES;
				CLANG_WARN_CONSTANT_CONVERSION = YES;
				CLANG_WARN_DEPRECATED_OBJC_IMPLEMENTATIONS = YES;
				CLANG_WARN_DIRECT_OBJC_ISA_USAGE = YES_ERROR;
				CLANG_WARN_DOCUMENTATION_COMMENTS = YES;
				CLANG_WARN_EMPTY_BODY = YES;
				CLANG_WARN_ENUM_CONVERSION = YES;
				CLANG_WARN_INFINITE_RECURSION = YES;
				CLANG_WARN_INT_CONVERSION = YES;
				CLANG_WARN_NON_LITERAL_NULL_CONVERSION = YES;
				CLANG_WARN_OBJC_IMPLICIT_RETAIN_SELF = YES;
				CLANG_WARN_OBJC_LITERAL_CONVERSION = YES;
				CLANG_WARN_OBJC_ROOT_CLASS = YES_ERROR;
				CLANG_WARN_QUOTED_INCLUDE_IN_FRAMEWORK_HEADER = YES;
				CLANG_WARN_RANGE_LOOP_ANALYSIS = YES;
				CLANG_WARN_STRICT_PROTOTYPES = YES;
				CLANG_WARN_SUSPICIOUS_MOVE = YES;
				CLANG_WARN_UNGUARDED_AVAILABILITY = YES_AGGRESSIVE;
				CLANG_WARN_UNREACHABLE_CODE = YES;
				CLANG_WARN__DUPLICATE_METHOD_MATCH = YES;
				COPY_PHASE_STRIP = NO;
				DEBUG_INFORMATION_FORMAT = "dwarf-with-dsym";
				ENABLE_NS_ASSERTIONS = NO;
				ENABLE_STRICT_OBJC_MSGSEND = YES;
				GCC_C_LANGUAGE_STANDARD = gnu11;
				GCC_NO_COMMON_BLOCKS = YES;
				GCC_WARN_64_TO_32_BIT_CONVERSION = YES;
				GCC_WARN_ABOUT_RETURN_TYPE = YES_ERROR;
				GCC_WARN_UNDECLARED_SELECTOR = YES;
				GCC_WARN_UNINITIALIZED_AUTOS = YES_AGGRESSIVE;
				GCC_WARN_UNUSED_FUNCTION = YES;
				GCC_WARN_UNUSED_VARIABLE = YES;
				IPHONEOS_DEPLOYMENT_TARGET = 15.0;
				MTL_ENABLE_DEBUG_INFO = NO;
				MTL_FAST_MATH = YES;
				SDKROOT = iphoneos;
				SWIFT_COMPILATION_MODE = wholemodule;
				SWIFT_EMIT_LOC_STRINGS = YES;
				SWIFT_OPTIMIZATION_LEVEL = "-O";
				VALIDATE_PRODUCT = YES;
			};
			name = Release;
		};
		63DC7A612801BE7A00010318 /* Debug */ = {
			isa = XCBuildConfiguration;
			buildSettings = {
				ASSETCATALOG_COMPILER_APPICON_NAME = AppIcon;
				ASSETCATALOG_COMPILER_GLOBAL_ACCENT_COLOR_NAME = AccentColor;
				CODE_SIGN_ENTITLEMENTS = CupTaster/Resources/CupTaster.entitlements;
				CODE_SIGN_STYLE = Automatic;
				CURRENT_PROJECT_VERSION = 3;
				DEVELOPMENT_ASSET_PATHS = "\"CupTaster/Resources/Preview Content\"";
				DEVELOPMENT_TEAM = XW6LRWG87C;
				ENABLE_PREVIEWS = YES;
				GENERATE_INFOPLIST_FILE = YES;
				INFOPLIST_FILE = CupTaster/Resources/Info.plist;
				INFOPLIST_KEY_CFBundleDisplayName = CupTaster;
				INFOPLIST_KEY_LSApplicationCategoryType = "public.app-category.food-and-drink";
				INFOPLIST_KEY_NSCameraUsageDescription = "Allow access to camera to let CupTaster add photos to cuppings and samples";
				INFOPLIST_KEY_UIApplicationSceneManifest_Generation = YES;
				INFOPLIST_KEY_UIApplicationSupportsIndirectInputEvents = YES;
				INFOPLIST_KEY_UILaunchScreen_Generation = YES;
				INFOPLIST_KEY_UILaunchStoryboardName = "Launch Screen.storyboard";
				INFOPLIST_KEY_UIRequiresFullScreen = NO;
				INFOPLIST_KEY_UIStatusBarStyle = "";
				INFOPLIST_KEY_UISupportedInterfaceOrientations_iPad = "UIInterfaceOrientationPortrait UIInterfaceOrientationPortraitUpsideDown UIInterfaceOrientationLandscapeLeft UIInterfaceOrientationLandscapeRight";
				INFOPLIST_KEY_UISupportedInterfaceOrientations_iPhone = "UIInterfaceOrientationPortrait UIInterfaceOrientationLandscapeLeft UIInterfaceOrientationLandscapeRight";
				IPHONEOS_DEPLOYMENT_TARGET = 15.0;
				LD_RUNPATH_SEARCH_PATHS = (
					"$(inherited)",
					"@executable_path/Frameworks",
				);
				MARKETING_VERSION = 1.1.0;
				"OTHER_SWIFT_FLAGS[arch=*]" = "-Xfrontend -warn-long-function-bodies=500 -Xfrontend -warn-long-expression-type-checking=500";
				PRODUCT_BUNDLE_IDENTIFIER = com.nnnkbrrr.CupTaster;
				PRODUCT_NAME = "$(TARGET_NAME)";
				SUPPORTED_PLATFORMS = "iphoneos iphonesimulator";
				SUPPORTS_MACCATALYST = NO;
				SUPPORTS_MAC_DESIGNED_FOR_IPHONE_IPAD = YES;
				SWIFT_EMIT_LOC_STRINGS = YES;
				SWIFT_VERSION = 5.0;
				TARGETED_DEVICE_FAMILY = "1,2";
			};
			name = Debug;
		};
		63DC7A622801BE7A00010318 /* Release */ = {
			isa = XCBuildConfiguration;
			buildSettings = {
				ASSETCATALOG_COMPILER_APPICON_NAME = AppIcon;
				ASSETCATALOG_COMPILER_GLOBAL_ACCENT_COLOR_NAME = AccentColor;
				CODE_SIGN_ENTITLEMENTS = CupTaster/Resources/CupTaster.entitlements;
				CODE_SIGN_STYLE = Automatic;
				CURRENT_PROJECT_VERSION = 3;
				DEVELOPMENT_ASSET_PATHS = "\"CupTaster/Resources/Preview Content\"";
				DEVELOPMENT_TEAM = XW6LRWG87C;
				ENABLE_PREVIEWS = YES;
				GENERATE_INFOPLIST_FILE = YES;
				INFOPLIST_FILE = CupTaster/Resources/Info.plist;
				INFOPLIST_KEY_CFBundleDisplayName = CupTaster;
				INFOPLIST_KEY_LSApplicationCategoryType = "public.app-category.food-and-drink";
				INFOPLIST_KEY_NSCameraUsageDescription = "Allow access to camera to let CupTaster add photos to cuppings and samples";
				INFOPLIST_KEY_UIApplicationSceneManifest_Generation = YES;
				INFOPLIST_KEY_UIApplicationSupportsIndirectInputEvents = YES;
				INFOPLIST_KEY_UILaunchScreen_Generation = YES;
				INFOPLIST_KEY_UILaunchStoryboardName = "Launch Screen.storyboard";
				INFOPLIST_KEY_UIRequiresFullScreen = NO;
				INFOPLIST_KEY_UIStatusBarStyle = "";
				INFOPLIST_KEY_UISupportedInterfaceOrientations_iPad = "UIInterfaceOrientationPortrait UIInterfaceOrientationPortraitUpsideDown UIInterfaceOrientationLandscapeLeft UIInterfaceOrientationLandscapeRight";
				INFOPLIST_KEY_UISupportedInterfaceOrientations_iPhone = "UIInterfaceOrientationPortrait UIInterfaceOrientationLandscapeLeft UIInterfaceOrientationLandscapeRight";
				IPHONEOS_DEPLOYMENT_TARGET = 15.0;
				LD_RUNPATH_SEARCH_PATHS = (
					"$(inherited)",
					"@executable_path/Frameworks",
				);
				MARKETING_VERSION = 1.1.0;
				PRODUCT_BUNDLE_IDENTIFIER = com.nnnkbrrr.CupTaster;
				PRODUCT_NAME = "$(TARGET_NAME)";
				SUPPORTED_PLATFORMS = "iphoneos iphonesimulator";
				SUPPORTS_MACCATALYST = NO;
				SUPPORTS_MAC_DESIGNED_FOR_IPHONE_IPAD = YES;
				SWIFT_EMIT_LOC_STRINGS = YES;
				SWIFT_VERSION = 5.0;
				TARGETED_DEVICE_FAMILY = "1,2";
			};
			name = Release;
		};
/* End XCBuildConfiguration section */

/* Begin XCConfigurationList section */
		6381530A28C8DE01008816C9 /* Build configuration list for PBXNativeTarget "CupTasterTests" */ = {
			isa = XCConfigurationList;
			buildConfigurations = (
				6381530828C8DE01008816C9 /* Debug */,
				6381530928C8DE01008816C9 /* Release */,
			);
			defaultConfigurationIsVisible = 0;
			defaultConfigurationName = Release;
		};
		63DC7A4D2801BE7800010318 /* Build configuration list for PBXProject "CupTaster" */ = {
			isa = XCConfigurationList;
			buildConfigurations = (
				63DC7A5E2801BE7A00010318 /* Debug */,
				63DC7A5F2801BE7A00010318 /* Release */,
			);
			defaultConfigurationIsVisible = 0;
			defaultConfigurationName = Release;
		};
		63DC7A602801BE7A00010318 /* Build configuration list for PBXNativeTarget "CupTaster" */ = {
			isa = XCConfigurationList;
			buildConfigurations = (
				63DC7A612801BE7A00010318 /* Debug */,
				63DC7A622801BE7A00010318 /* Release */,
			);
			defaultConfigurationIsVisible = 0;
			defaultConfigurationName = Release;
		};
/* End XCConfigurationList section */

/* Begin XCVersionGroup section */
		6327BEB628609432000CB3AB /* DataModel.xcdatamodeld */ = {
			isa = XCVersionGroup;
			children = (
				6327BEB728609432000CB3AB /* DataModel.xcdatamodel */,
			);
			currentVersion = 6327BEB728609432000CB3AB /* DataModel.xcdatamodel */;
			path = DataModel.xcdatamodeld;
			sourceTree = "<group>";
			versionGroupType = wrapper.xcdatamodel;
		};
/* End XCVersionGroup section */
	};
	rootObject = 63DC7A4A2801BE7800010318 /* Project object */;
}
