// !$*UTF8*$!
{
	archiveVersion = 1;
	classes = {
	};
	objectVersion = 55;
	objects = {

/* Begin PBXBuildFile section */
		22242C7628EF263B00138494 /* Cupping Entity.swift in Sources */ = {isa = PBXBuildFile; fileRef = 22242C7528EF263B00138494 /* Cupping Entity.swift */; };
		22242C7828EF267500138494 /* Sample Entity.swift in Sources */ = {isa = PBXBuildFile; fileRef = 22242C7728EF267500138494 /* Sample Entity.swift */; };
		22242C7A28EF26A300138494 /* QCGroup Entity.swift in Sources */ = {isa = PBXBuildFile; fileRef = 22242C7928EF26A300138494 /* QCGroup Entity.swift */; };
		22242C7C28EF273700138494 /* SampleGeneralInfo Entity.swift in Sources */ = {isa = PBXBuildFile; fileRef = 22242C7B28EF273700138494 /* SampleGeneralInfo Entity.swift */; };
		22242C7E28EF274900138494 /* QualityCriteria Entity.swift in Sources */ = {isa = PBXBuildFile; fileRef = 22242C7D28EF274900138494 /* QualityCriteria Entity.swift */; };
		22242C8228EF27DD00138494 /* CuppingForm Entity.swift in Sources */ = {isa = PBXBuildFile; fileRef = 22242C8128EF27DD00138494 /* CuppingForm Entity.swift */; };
		22242C8428EF27FF00138494 /* QCGroupConfig Entity.swift in Sources */ = {isa = PBXBuildFile; fileRef = 22242C8328EF27FF00138494 /* QCGroupConfig Entity.swift */; };
		22242C8628EF281200138494 /* QCConfig Entity.swift in Sources */ = {isa = PBXBuildFile; fileRef = 22242C8528EF281200138494 /* QCConfig Entity.swift */; };
		22242C8828EF282900138494 /* QCGHint Entity.swift in Sources */ = {isa = PBXBuildFile; fileRef = 22242C8728EF282900138494 /* QCGHint Entity.swift */; };
		226CF02428F19FAF00F853B9 /* QCHint Entity.swift in Sources */ = {isa = PBXBuildFile; fileRef = 226CF02328F19FAF00F853B9 /* QCHint Entity.swift */; };
		630704352B7652A00008A846 /* CloudKitSyncMonitor in Frameworks */ = {isa = PBXBuildFile; productRef = 630704342B7652A00008A846 /* CloudKitSyncMonitor */; };
		630AD6132B2361CC0016DBFA /* Sample Final Score Section.swift in Sources */ = {isa = PBXBuildFile; fileRef = 630AD6122B2361CC0016DBFA /* Sample Final Score Section.swift */; };
		630AD6152B23A0210016DBFA /* Subscripts.swift in Sources */ = {isa = PBXBuildFile; fileRef = 630AD6142B23A0210016DBFA /* Subscripts.swift */; };
		630DB3032B73BB6400DF08DC /* Samples Stopwatch.swift in Sources */ = {isa = PBXBuildFile; fileRef = 630DB3022B73BB6400DF08DC /* Samples Stopwatch.swift */; };
		630DB3052B750C6500DF08DC /* Stopwatch Model.swift in Sources */ = {isa = PBXBuildFile; fileRef = 630DB3042B750C6500DF08DC /* Stopwatch Model.swift */; };
		631422712B3AC21C00683F7F /* Rose Chart.swift in Sources */ = {isa = PBXBuildFile; fileRef = 631422702B3AC21C00683F7F /* Rose Chart.swift */; };
		631422732B3AC79200683F7F /* Sample Chart Section.swift in Sources */ = {isa = PBXBuildFile; fileRef = 631422722B3AC79200683F7F /* Sample Chart Section.swift */; };
		63198EA12A570846004634ED /* Main Tab Empty.swift in Sources */ = {isa = PBXBuildFile; fileRef = 63198EA02A570846004634ED /* Main Tab Empty.swift */; };
		6319F8692A5D59F700EECD62 /* Settings.swift in Sources */ = {isa = PBXBuildFile; fileRef = 6319F8682A5D59F700EECD62 /* Settings.swift */; };
		631A44C42B6E7842006B6AA7 /* Main Tab Folders.swift in Sources */ = {isa = PBXBuildFile; fileRef = 631A44C32B6E7842006B6AA7 /* Main Tab Folders.swift */; };
		6320A3AB2A72BF160069E6B9 /* Slider Evaluation.swift in Sources */ = {isa = PBXBuildFile; fileRef = 6320A3AA2A72BF160069E6B9 /* Slider Evaluation.swift */; };
		6320A3AD2A72BF3A0069E6B9 /* Radio Evaluation.swift in Sources */ = {isa = PBXBuildFile; fileRef = 6320A3AC2A72BF3A0069E6B9 /* Radio Evaluation.swift */; };
		6320A3AF2A72BF7C0069E6B9 /* Cups Checkboxes.swift in Sources */ = {isa = PBXBuildFile; fileRef = 6320A3AE2A72BF7C0069E6B9 /* Cups Checkboxes.swift */; };
		6320A3B12A72BFB70069E6B9 /* Unsupported.swift in Sources */ = {isa = PBXBuildFile; fileRef = 6320A3B02A72BFB70069E6B9 /* Unsupported.swift */; };
		6327BEB828609432000CB3AB /* DataModel.xcdatamodeld in Sources */ = {isa = PBXBuildFile; fileRef = 6327BEB628609432000CB3AB /* DataModel.xcdatamodeld */; };
		632F5D2529D83EAE00D7FFB7 /* CodeScanner in Frameworks */ = {isa = PBXBuildFile; productRef = 632F5D2429D83EAE00D7FFB7 /* CodeScanner */; };
		633042452B4C5ACE005BD8F2 /* Sample Elements.swift in Sources */ = {isa = PBXBuildFile; fileRef = 633042442B4C5ACE005BD8F2 /* Sample Elements.swift */; };
		6331CE802B1B90990078984F /* Sample Name Generator Model.swift in Sources */ = {isa = PBXBuildFile; fileRef = 6331CE7F2B1B90990078984F /* Sample Name Generator Model.swift */; };
		63343FFE2B7E5F870073658B /* Location Manager.swift in Sources */ = {isa = PBXBuildFile; fileRef = 63343FFD2B7E5F870073658B /* Location Manager.swift */; };
		633440082B7E83570073658B /* Location Entity.swift in Sources */ = {isa = PBXBuildFile; fileRef = 633440072B7E83570073658B /* Location Entity.swift */; };
		633B68C928916F77005D32C0 /* Launch Screen.storyboard in Resources */ = {isa = PBXBuildFile; fileRef = 633B68C828916F77005D32C0 /* Launch Screen.storyboard */; };
		6348EE4B2B46F7010061B5AA /* Sample Delete Section.swift in Sources */ = {isa = PBXBuildFile; fileRef = 6348EE4A2B46F7010061B5AA /* Sample Delete Section.swift */; };
		6348EE4D2B46F7CF0061B5AA /* Sample General Info Section.swift in Sources */ = {isa = PBXBuildFile; fileRef = 6348EE4C2B46F7CF0061B5AA /* Sample General Info Section.swift */; };
		6349471E2B13BBDA00A9030B /* Circular Progress.swift in Sources */ = {isa = PBXBuildFile; fileRef = 6349471D2B13BBDA00A9030B /* Circular Progress.swift */; };
		634D5A4D2A5ED5F200A18B63 /* Sample.swift in Sources */ = {isa = PBXBuildFile; fileRef = 634D5A4C2A5ED5F200A18B63 /* Sample.swift */; };
		634E32AA2B38457D00966509 /* SwipeActions in Frameworks */ = {isa = PBXBuildFile; productRef = 634E32A92B38457D00966509 /* SwipeActions */; };
		6351668F2A52FB32001A0071 /* Integer To Digits.swift in Sources */ = {isa = PBXBuildFile; fileRef = 6351668E2A52FB32001A0071 /* Integer To Digits.swift */; };
		6355CAB72B502AA50069A7E9 /* Sample Sheet Notes.swift in Sources */ = {isa = PBXBuildFile; fileRef = 6355CAB62B502AA50069A7E9 /* Sample Sheet Notes.swift */; };
		6355CAB92B502B100069A7E9 /* Sample Bottom Sheet Section.swift in Sources */ = {isa = PBXBuildFile; fileRef = 6355CAB82B502B100069A7E9 /* Sample Bottom Sheet Section.swift */; };
		6355CABB2B5038320069A7E9 /* Dismiss Keyboard.swift in Sources */ = {isa = PBXBuildFile; fileRef = 6355CABA2B5038320069A7E9 /* Dismiss Keyboard.swift */; };
		636712F02AF62F190042DB00 /* Sample Bottom Sheet.swift in Sources */ = {isa = PBXBuildFile; fileRef = 636712EF2AF62F190042DB00 /* Sample Bottom Sheet.swift */; };
		636712F42AF637900042DB00 /* Drag Gesture.swift in Sources */ = {isa = PBXBuildFile; fileRef = 636712F32AF637900042DB00 /* Drag Gesture.swift */; };
		636712F82AF66CE80042DB00 /* Blur.swift in Sources */ = {isa = PBXBuildFile; fileRef = 636712F72AF66CE80042DB00 /* Blur.swift */; };
		636831392B4D8E91008763B1 /* Bottom Sheet.swift in Sources */ = {isa = PBXBuildFile; fileRef = 636831382B4D8E91008763B1 /* Bottom Sheet.swift */; };
		63684CD929AA78C8009C1BDA /* Localizable.strings in Resources */ = {isa = PBXBuildFile; fileRef = 63684CDB29AA78C8009C1BDA /* Localizable.strings */; };
		63729F942A6D7B9300EF0FEE /* Sample Preview.swift in Sources */ = {isa = PBXBuildFile; fileRef = 63729F932A6D7B9300EF0FEE /* Sample Preview.swift */; };
		63729F962A6DAF6700EF0FEE /* Sample Tools Section.swift in Sources */ = {isa = PBXBuildFile; fileRef = 63729F952A6DAF6600EF0FEE /* Sample Tools Section.swift */; };
		6372A3712B4FEBD300925E0B /* Main Tab New Cupping Modal.swift in Sources */ = {isa = PBXBuildFile; fileRef = 6372A3702B4FEBD300925E0B /* Main Tab New Cupping Modal.swift */; };
		6372A3732B4FF46400925E0B /* Bottom Sheet Block.swift in Sources */ = {isa = PBXBuildFile; fileRef = 6372A3722B4FF46400925E0B /* Bottom Sheet Block.swift */; };
		6372A3752B4FF7F200925E0B /* Resizable Text.swift in Sources */ = {isa = PBXBuildFile; fileRef = 6372A3742B4FF7F200925E0B /* Resizable Text.swift */; };
		63739BB42A71251200C779ED /* Sample Quality Criteria.swift in Sources */ = {isa = PBXBuildFile; fileRef = 63739BB32A71251200C779ED /* Sample Quality Criteria.swift */; };
		63742D18287EA998001E8DAB /* Persistence.swift in Sources */ = {isa = PBXBuildFile; fileRef = 63742D17287EA998001E8DAB /* Persistence.swift */; };
		637CB7CE2B386EF50056C32D /* Navigation Appearance.swift in Sources */ = {isa = PBXBuildFile; fileRef = 637CB7CD2B386EF50056C32D /* Navigation Appearance.swift */; };
		6381530528C8DE00008816C9 /* CuppingFormsTests.swift in Sources */ = {isa = PBXBuildFile; fileRef = 6381530428C8DE00008816C9 /* CuppingFormsTests.swift */; };
		639AB6952A57258300CB04F7 /* Cupping.swift in Sources */ = {isa = PBXBuildFile; fileRef = 639AB6942A57258300CB04F7 /* Cupping.swift */; };
		639B18B42B5EFC9200F21E53 /* Sample Sheet Value Hints.swift in Sources */ = {isa = PBXBuildFile; fileRef = 639B18B32B5EFC9200F21E53 /* Sample Sheet Value Hints.swift */; };
		639B18B62B5F63F500F21E53 /* Sample Sheet Hints.swift in Sources */ = {isa = PBXBuildFile; fileRef = 639B18B52B5F63F500F21E53 /* Sample Sheet Hints.swift */; };
		63A1A90B2A556896008D30CE /* Folder Entity.swift in Sources */ = {isa = PBXBuildFile; fileRef = 63A1A90A2A556896008D30CE /* Folder Entity.swift */; };
		63A1A9162A55851A008D30CE /* Button Styles.swift in Sources */ = {isa = PBXBuildFile; fileRef = 63A1A9152A55851A008D30CE /* Button Styles.swift */; };
		63A1A9182A558685008D30CE /* Sizing & Spacing.swift in Sources */ = {isa = PBXBuildFile; fileRef = 63A1A9172A558685008D30CE /* Sizing & Spacing.swift */; };
		63A223082B23AC7D0066AFD3 /* Sample Checkboxes Section.swift in Sources */ = {isa = PBXBuildFile; fileRef = 63A223072B23AC7D0066AFD3 /* Sample Checkboxes Section.swift */; };
		63A88CFD2A4C90880006AA0F /* Main Tab.swift in Sources */ = {isa = PBXBuildFile; fileRef = 63A88CFC2A4C90880006AA0F /* Main Tab.swift */; };
		63A88D062A4C92E00006AA0F /* AppStorage Extensions.swift in Sources */ = {isa = PBXBuildFile; fileRef = 63A88D052A4C92E00006AA0F /* AppStorage Extensions.swift */; };
		63A88D0A2A4C98E00006AA0F /* Evaluation.swift in Sources */ = {isa = PBXBuildFile; fileRef = 63A88D092A4C98E00006AA0F /* Evaluation.swift */; };
		63A88D0F2A4C9B250006AA0F /* SCA.json in Resources */ = {isa = PBXBuildFile; fileRef = 63A88D0E2A4C9B250006AA0F /* SCA.json */; };
		63A88D112A4C9B390006AA0F /* SCI.json in Resources */ = {isa = PBXBuildFile; fileRef = 63A88D102A4C9B390006AA0F /* SCI.json */; };
		63A88D132A4C9B580006AA0F /* CoE.json in Resources */ = {isa = PBXBuildFile; fileRef = 63A88D122A4C9B580006AA0F /* CoE.json */; };
		63A88D152A4C9B780006AA0F /* CFModel.swift in Sources */ = {isa = PBXBuildFile; fileRef = 63A88D142A4C9B780006AA0F /* CFModel.swift */; };
		63A88D172A4C9B8C0006AA0F /* CFManager.swift in Sources */ = {isa = PBXBuildFile; fileRef = 63A88D162A4C9B8C0006AA0F /* CFManager.swift */; };
		63B75D952A6D6549002C350A /* Samples Controller Model.swift in Sources */ = {isa = PBXBuildFile; fileRef = 63B75D942A6D6549002C350A /* Samples Controller Model.swift */; };
		63B75D972A6D6799002C350A /* Samples Controller.swift in Sources */ = {isa = PBXBuildFile; fileRef = 63B75D962A6D6799002C350A /* Samples Controller.swift */; };
		63CCA3802B7A6F060087103A /* Setting Tester Panel.swift in Sources */ = {isa = PBXBuildFile; fileRef = 63CCA37F2B7A6F060087103A /* Setting Tester Panel.swift */; };
		63CCA3832B7A70C40087103A /* Settings Sections.swift in Sources */ = {isa = PBXBuildFile; fileRef = 63CCA3822B7A70C40087103A /* Settings Sections.swift */; };
		63CCA3852B7A775A0087103A /* Publushed App Storage.swift in Sources */ = {isa = PBXBuildFile; fileRef = 63CCA3842B7A775A0087103A /* Publushed App Storage.swift */; };
		63DC7A562801BE7800010318 /* CupTasterApp.swift in Sources */ = {isa = PBXBuildFile; fileRef = 63DC7A552801BE7800010318 /* CupTasterApp.swift */; };
		63DC7A582801BE7800010318 /* ContentView.swift in Sources */ = {isa = PBXBuildFile; fileRef = 63DC7A572801BE7800010318 /* ContentView.swift */; };
		63DC7A5A2801BE7A00010318 /* Assets.xcassets in Resources */ = {isa = PBXBuildFile; fileRef = 63DC7A592801BE7A00010318 /* Assets.xcassets */; };
		63DC7A5D2801BE7A00010318 /* Preview Assets.xcassets in Resources */ = {isa = PBXBuildFile; fileRef = 63DC7A5C2801BE7A00010318 /* Preview Assets.xcassets */; };
		63DD44E32B6FCFA100F1D256 /* Cupping Preview.swift in Sources */ = {isa = PBXBuildFile; fileRef = 63DD44E22B6FCFA100F1D256 /* Cupping Preview.swift */; };
		63DD44E52B71213D00F1D256 /* Sample Gestures Controller Model.swift in Sources */ = {isa = PBXBuildFile; fileRef = 63DD44E42B71213D00F1D256 /* Sample Gestures Controller Model.swift */; };
		63DD44E72B7133D100F1D256 /* Namespace Controller Model.swift in Sources */ = {isa = PBXBuildFile; fileRef = 63DD44E62B7133D100F1D256 /* Namespace Controller Model.swift */; };
		63DD44E92B71403900F1D256 /* Cupping Settings Modal.swift in Sources */ = {isa = PBXBuildFile; fileRef = 63DD44E82B71403900F1D256 /* Cupping Settings Modal.swift */; };
		63DD44EB2B71503D00F1D256 /* Date Component Extractor.swift in Sources */ = {isa = PBXBuildFile; fileRef = 63DD44EA2B71503D00F1D256 /* Date Component Extractor.swift */; };
		63DDB6892A5C0FED00C8ADD6 /* DateFormatter.swift in Sources */ = {isa = PBXBuildFile; fileRef = 63DDB6882A5C0FED00C8ADD6 /* DateFormatter.swift */; };
		63DE551F2B67E0AC00A21E24 /* Samples Controller Pages.swift in Sources */ = {isa = PBXBuildFile; fileRef = 63DE551E2B67E0AC00A21E24 /* Samples Controller Pages.swift */; };
		63DE55202B68088B00A21E24 /* CloudKit.framework in Frameworks */ = {isa = PBXBuildFile; fileRef = 63742D6528801D02001E8DAB /* CloudKit.framework */; };
		63E12F312B2353C4000FAACA /* Sample Placeholders.swift in Sources */ = {isa = PBXBuildFile; fileRef = 63E12F302B2353C4000FAACA /* Sample Placeholders.swift */; };
		63E7F9132B0677E600415B13 /* Target Scroll.swift in Sources */ = {isa = PBXBuildFile; fileRef = 63E7F9122B0677E600415B13 /* Target Scroll.swift */; };
		63EC8FC32B7F984D0091429B /* Setting Location.swift in Sources */ = {isa = PBXBuildFile; fileRef = 63EC8FC22B7F984D0091429B /* Setting Location.swift */; };
		63EF652F2B695D3E009A9AF3 /* Swipe Actions Style.swift in Sources */ = {isa = PBXBuildFile; fileRef = 63EF652E2B695D3E009A9AF3 /* Swipe Actions Style.swift */; };
		63F60D562B72C053002A99FE /* Email Manager.swift in Sources */ = {isa = PBXBuildFile; fileRef = 63F60D552B72C053002A99FE /* Email Manager.swift */; };
		63F60D582B72C222002A99FE /* Setting Cupping Forms.swift in Sources */ = {isa = PBXBuildFile; fileRef = 63F60D572B72C222002A99FE /* Setting Cupping Forms.swift */; };
/* End PBXBuildFile section */

/* Begin PBXContainerItemProxy section */
		6381530628C8DE00008816C9 /* PBXContainerItemProxy */ = {
			isa = PBXContainerItemProxy;
			containerPortal = 63DC7A4A2801BE7800010318 /* Project object */;
			proxyType = 1;
			remoteGlobalIDString = 63DC7A512801BE7800010318;
			remoteInfo = CupTaster;
		};
/* End PBXContainerItemProxy section */

/* Begin PBXFileReference section */
		22242C7528EF263B00138494 /* Cupping Entity.swift */ = {isa = PBXFileReference; lastKnownFileType = sourcecode.swift; path = "Cupping Entity.swift"; sourceTree = "<group>"; };
		22242C7728EF267500138494 /* Sample Entity.swift */ = {isa = PBXFileReference; lastKnownFileType = sourcecode.swift; path = "Sample Entity.swift"; sourceTree = "<group>"; };
		22242C7928EF26A300138494 /* QCGroup Entity.swift */ = {isa = PBXFileReference; lastKnownFileType = sourcecode.swift; path = "QCGroup Entity.swift"; sourceTree = "<group>"; };
		22242C7B28EF273700138494 /* SampleGeneralInfo Entity.swift */ = {isa = PBXFileReference; lastKnownFileType = sourcecode.swift; path = "SampleGeneralInfo Entity.swift"; sourceTree = "<group>"; };
		22242C7D28EF274900138494 /* QualityCriteria Entity.swift */ = {isa = PBXFileReference; lastKnownFileType = sourcecode.swift; path = "QualityCriteria Entity.swift"; sourceTree = "<group>"; };
		22242C8128EF27DD00138494 /* CuppingForm Entity.swift */ = {isa = PBXFileReference; lastKnownFileType = sourcecode.swift; path = "CuppingForm Entity.swift"; sourceTree = "<group>"; };
		22242C8328EF27FF00138494 /* QCGroupConfig Entity.swift */ = {isa = PBXFileReference; lastKnownFileType = sourcecode.swift; path = "QCGroupConfig Entity.swift"; sourceTree = "<group>"; };
		22242C8528EF281200138494 /* QCConfig Entity.swift */ = {isa = PBXFileReference; lastKnownFileType = sourcecode.swift; path = "QCConfig Entity.swift"; sourceTree = "<group>"; };
		22242C8728EF282900138494 /* QCGHint Entity.swift */ = {isa = PBXFileReference; lastKnownFileType = sourcecode.swift; path = "QCGHint Entity.swift"; sourceTree = "<group>"; };
		226CF02328F19FAF00F853B9 /* QCHint Entity.swift */ = {isa = PBXFileReference; lastKnownFileType = sourcecode.swift; path = "QCHint Entity.swift"; sourceTree = "<group>"; };
		630AD6122B2361CC0016DBFA /* Sample Final Score Section.swift */ = {isa = PBXFileReference; lastKnownFileType = sourcecode.swift; path = "Sample Final Score Section.swift"; sourceTree = "<group>"; };
		630AD6142B23A0210016DBFA /* Subscripts.swift */ = {isa = PBXFileReference; lastKnownFileType = sourcecode.swift; path = Subscripts.swift; sourceTree = "<group>"; };
		630DB3022B73BB6400DF08DC /* Samples Stopwatch.swift */ = {isa = PBXFileReference; lastKnownFileType = sourcecode.swift; path = "Samples Stopwatch.swift"; sourceTree = "<group>"; };
		630DB3042B750C6500DF08DC /* Stopwatch Model.swift */ = {isa = PBXFileReference; lastKnownFileType = sourcecode.swift; path = "Stopwatch Model.swift"; sourceTree = "<group>"; };
		631422702B3AC21C00683F7F /* Rose Chart.swift */ = {isa = PBXFileReference; lastKnownFileType = sourcecode.swift; path = "Rose Chart.swift"; sourceTree = "<group>"; };
		631422722B3AC79200683F7F /* Sample Chart Section.swift */ = {isa = PBXFileReference; lastKnownFileType = sourcecode.swift; path = "Sample Chart Section.swift"; sourceTree = "<group>"; };
		63198EA02A570846004634ED /* Main Tab Empty.swift */ = {isa = PBXFileReference; lastKnownFileType = sourcecode.swift; path = "Main Tab Empty.swift"; sourceTree = "<group>"; };
		6319F8682A5D59F700EECD62 /* Settings.swift */ = {isa = PBXFileReference; lastKnownFileType = sourcecode.swift; path = Settings.swift; sourceTree = "<group>"; };
		631A44C32B6E7842006B6AA7 /* Main Tab Folders.swift */ = {isa = PBXFileReference; lastKnownFileType = sourcecode.swift; path = "Main Tab Folders.swift"; sourceTree = "<group>"; };
		6320A3AA2A72BF160069E6B9 /* Slider Evaluation.swift */ = {isa = PBXFileReference; lastKnownFileType = sourcecode.swift; path = "Slider Evaluation.swift"; sourceTree = "<group>"; };
		6320A3AC2A72BF3A0069E6B9 /* Radio Evaluation.swift */ = {isa = PBXFileReference; lastKnownFileType = sourcecode.swift; path = "Radio Evaluation.swift"; sourceTree = "<group>"; };
		6320A3AE2A72BF7C0069E6B9 /* Cups Checkboxes.swift */ = {isa = PBXFileReference; lastKnownFileType = sourcecode.swift; path = "Cups Checkboxes.swift"; sourceTree = "<group>"; };
		6320A3B02A72BFB70069E6B9 /* Unsupported.swift */ = {isa = PBXFileReference; lastKnownFileType = sourcecode.swift; path = Unsupported.swift; sourceTree = "<group>"; };
		6327BEB728609432000CB3AB /* DataModel.xcdatamodel */ = {isa = PBXFileReference; lastKnownFileType = wrapper.xcdatamodel; path = DataModel.xcdatamodel; sourceTree = "<group>"; };
		633042442B4C5ACE005BD8F2 /* Sample Elements.swift */ = {isa = PBXFileReference; lastKnownFileType = sourcecode.swift; path = "Sample Elements.swift"; sourceTree = "<group>"; };
		6331CE7F2B1B90990078984F /* Sample Name Generator Model.swift */ = {isa = PBXFileReference; lastKnownFileType = sourcecode.swift; path = "Sample Name Generator Model.swift"; sourceTree = "<group>"; };
		63343FFD2B7E5F870073658B /* Location Manager.swift */ = {isa = PBXFileReference; lastKnownFileType = sourcecode.swift; path = "Location Manager.swift"; sourceTree = "<group>"; };
		633440072B7E83570073658B /* Location Entity.swift */ = {isa = PBXFileReference; lastKnownFileType = sourcecode.swift; path = "Location Entity.swift"; sourceTree = "<group>"; };
		633B68C828916F77005D32C0 /* Launch Screen.storyboard */ = {isa = PBXFileReference; lastKnownFileType = file.storyboard; path = "Launch Screen.storyboard"; sourceTree = "<group>"; };
		6348EE4A2B46F7010061B5AA /* Sample Delete Section.swift */ = {isa = PBXFileReference; lastKnownFileType = sourcecode.swift; path = "Sample Delete Section.swift"; sourceTree = "<group>"; };
		6348EE4C2B46F7CF0061B5AA /* Sample General Info Section.swift */ = {isa = PBXFileReference; lastKnownFileType = sourcecode.swift; path = "Sample General Info Section.swift"; sourceTree = "<group>"; };
		6349471D2B13BBDA00A9030B /* Circular Progress.swift */ = {isa = PBXFileReference; lastKnownFileType = sourcecode.swift; path = "Circular Progress.swift"; sourceTree = "<group>"; };
		634D5A4C2A5ED5F200A18B63 /* Sample.swift */ = {isa = PBXFileReference; lastKnownFileType = sourcecode.swift; path = Sample.swift; sourceTree = "<group>"; };
		6351668E2A52FB32001A0071 /* Integer To Digits.swift */ = {isa = PBXFileReference; lastKnownFileType = sourcecode.swift; path = "Integer To Digits.swift"; sourceTree = "<group>"; };
		6355CAB62B502AA50069A7E9 /* Sample Sheet Notes.swift */ = {isa = PBXFileReference; lastKnownFileType = sourcecode.swift; path = "Sample Sheet Notes.swift"; sourceTree = "<group>"; };
		6355CAB82B502B100069A7E9 /* Sample Bottom Sheet Section.swift */ = {isa = PBXFileReference; lastKnownFileType = sourcecode.swift; path = "Sample Bottom Sheet Section.swift"; sourceTree = "<group>"; };
		6355CABA2B5038320069A7E9 /* Dismiss Keyboard.swift */ = {isa = PBXFileReference; lastKnownFileType = sourcecode.swift; path = "Dismiss Keyboard.swift"; sourceTree = "<group>"; };
		636712EF2AF62F190042DB00 /* Sample Bottom Sheet.swift */ = {isa = PBXFileReference; lastKnownFileType = sourcecode.swift; path = "Sample Bottom Sheet.swift"; sourceTree = "<group>"; };
		636712F32AF637900042DB00 /* Drag Gesture.swift */ = {isa = PBXFileReference; lastKnownFileType = sourcecode.swift; path = "Drag Gesture.swift"; sourceTree = "<group>"; };
		636712F72AF66CE80042DB00 /* Blur.swift */ = {isa = PBXFileReference; lastKnownFileType = sourcecode.swift; path = Blur.swift; sourceTree = "<group>"; };
		636831382B4D8E91008763B1 /* Bottom Sheet.swift */ = {isa = PBXFileReference; lastKnownFileType = sourcecode.swift; path = "Bottom Sheet.swift"; sourceTree = "<group>"; };
		63684CDA29AA78C8009C1BDA /* en */ = {isa = PBXFileReference; lastKnownFileType = text.plist.strings; name = en; path = en.lproj/Localizable.strings; sourceTree = "<group>"; };
		63684CDD29AA7986009C1BDA /* ru */ = {isa = PBXFileReference; lastKnownFileType = text.plist.strings; name = ru; path = ru.lproj/Localizable.strings; sourceTree = "<group>"; };
		6371088A288032F60073348C /* Info.plist */ = {isa = PBXFileReference; lastKnownFileType = text.plist.xml; path = Info.plist; sourceTree = "<group>"; };
		63729F932A6D7B9300EF0FEE /* Sample Preview.swift */ = {isa = PBXFileReference; lastKnownFileType = sourcecode.swift; path = "Sample Preview.swift"; sourceTree = "<group>"; };
		63729F952A6DAF6600EF0FEE /* Sample Tools Section.swift */ = {isa = PBXFileReference; lastKnownFileType = sourcecode.swift; path = "Sample Tools Section.swift"; sourceTree = "<group>"; };
		6372A3702B4FEBD300925E0B /* Main Tab New Cupping Modal.swift */ = {isa = PBXFileReference; lastKnownFileType = sourcecode.swift; path = "Main Tab New Cupping Modal.swift"; sourceTree = "<group>"; };
		6372A3722B4FF46400925E0B /* Bottom Sheet Block.swift */ = {isa = PBXFileReference; lastKnownFileType = sourcecode.swift; path = "Bottom Sheet Block.swift"; sourceTree = "<group>"; };
		6372A3742B4FF7F200925E0B /* Resizable Text.swift */ = {isa = PBXFileReference; lastKnownFileType = sourcecode.swift; path = "Resizable Text.swift"; sourceTree = "<group>"; };
		63739BB32A71251200C779ED /* Sample Quality Criteria.swift */ = {isa = PBXFileReference; lastKnownFileType = sourcecode.swift; path = "Sample Quality Criteria.swift"; sourceTree = "<group>"; };
		63742D17287EA998001E8DAB /* Persistence.swift */ = {isa = PBXFileReference; lastKnownFileType = sourcecode.swift; path = Persistence.swift; sourceTree = "<group>"; };
		63742D6328801CF5001E8DAB /* CupTaster.entitlements */ = {isa = PBXFileReference; lastKnownFileType = text.plist.entitlements; path = CupTaster.entitlements; sourceTree = "<group>"; };
		63742D6528801D02001E8DAB /* CloudKit.framework */ = {isa = PBXFileReference; lastKnownFileType = wrapper.framework; name = CloudKit.framework; path = System/Library/Frameworks/CloudKit.framework; sourceTree = SDKROOT; };
		637CB7CD2B386EF50056C32D /* Navigation Appearance.swift */ = {isa = PBXFileReference; lastKnownFileType = sourcecode.swift; path = "Navigation Appearance.swift"; sourceTree = "<group>"; };
		6381530228C8DE00008816C9 /* CupTasterTests.xctest */ = {isa = PBXFileReference; explicitFileType = wrapper.cfbundle; includeInIndex = 0; path = CupTasterTests.xctest; sourceTree = BUILT_PRODUCTS_DIR; };
		6381530428C8DE00008816C9 /* CuppingFormsTests.swift */ = {isa = PBXFileReference; lastKnownFileType = sourcecode.swift; path = CuppingFormsTests.swift; sourceTree = "<group>"; };
		639AB6942A57258300CB04F7 /* Cupping.swift */ = {isa = PBXFileReference; lastKnownFileType = sourcecode.swift; path = Cupping.swift; sourceTree = "<group>"; };
		639B18B32B5EFC9200F21E53 /* Sample Sheet Value Hints.swift */ = {isa = PBXFileReference; lastKnownFileType = sourcecode.swift; path = "Sample Sheet Value Hints.swift"; sourceTree = "<group>"; };
		639B18B52B5F63F500F21E53 /* Sample Sheet Hints.swift */ = {isa = PBXFileReference; lastKnownFileType = sourcecode.swift; path = "Sample Sheet Hints.swift"; sourceTree = "<group>"; };
		63A1A90A2A556896008D30CE /* Folder Entity.swift */ = {isa = PBXFileReference; lastKnownFileType = sourcecode.swift; path = "Folder Entity.swift"; sourceTree = "<group>"; };
		63A1A9152A55851A008D30CE /* Button Styles.swift */ = {isa = PBXFileReference; lastKnownFileType = sourcecode.swift; path = "Button Styles.swift"; sourceTree = "<group>"; };
		63A1A9172A558685008D30CE /* Sizing & Spacing.swift */ = {isa = PBXFileReference; lastKnownFileType = sourcecode.swift; path = "Sizing & Spacing.swift"; sourceTree = "<group>"; };
		63A223072B23AC7D0066AFD3 /* Sample Checkboxes Section.swift */ = {isa = PBXFileReference; lastKnownFileType = sourcecode.swift; path = "Sample Checkboxes Section.swift"; sourceTree = "<group>"; };
		63A88CFC2A4C90880006AA0F /* Main Tab.swift */ = {isa = PBXFileReference; lastKnownFileType = sourcecode.swift; path = "Main Tab.swift"; sourceTree = "<group>"; };
		63A88D052A4C92E00006AA0F /* AppStorage Extensions.swift */ = {isa = PBXFileReference; lastKnownFileType = sourcecode.swift; path = "AppStorage Extensions.swift"; sourceTree = "<group>"; };
		63A88D092A4C98E00006AA0F /* Evaluation.swift */ = {isa = PBXFileReference; lastKnownFileType = sourcecode.swift; path = Evaluation.swift; sourceTree = "<group>"; };
		63A88D0E2A4C9B250006AA0F /* SCA.json */ = {isa = PBXFileReference; lastKnownFileType = text.json; path = SCA.json; sourceTree = "<group>"; };
		63A88D102A4C9B390006AA0F /* SCI.json */ = {isa = PBXFileReference; lastKnownFileType = text.json; path = SCI.json; sourceTree = "<group>"; };
		63A88D122A4C9B580006AA0F /* CoE.json */ = {isa = PBXFileReference; lastKnownFileType = text.json; path = CoE.json; sourceTree = "<group>"; };
		63A88D142A4C9B780006AA0F /* CFModel.swift */ = {isa = PBXFileReference; lastKnownFileType = sourcecode.swift; path = CFModel.swift; sourceTree = "<group>"; };
		63A88D162A4C9B8C0006AA0F /* CFManager.swift */ = {isa = PBXFileReference; lastKnownFileType = sourcecode.swift; path = CFManager.swift; sourceTree = "<group>"; };
		63B75D942A6D6549002C350A /* Samples Controller Model.swift */ = {isa = PBXFileReference; lastKnownFileType = sourcecode.swift; path = "Samples Controller Model.swift"; sourceTree = "<group>"; };
		63B75D962A6D6799002C350A /* Samples Controller.swift */ = {isa = PBXFileReference; lastKnownFileType = sourcecode.swift; path = "Samples Controller.swift"; sourceTree = "<group>"; };
		63CCA37F2B7A6F060087103A /* Setting Tester Panel.swift */ = {isa = PBXFileReference; lastKnownFileType = sourcecode.swift; path = "Setting Tester Panel.swift"; sourceTree = "<group>"; };
		63CCA3822B7A70C40087103A /* Settings Sections.swift */ = {isa = PBXFileReference; lastKnownFileType = sourcecode.swift; path = "Settings Sections.swift"; sourceTree = "<group>"; };
		63CCA3842B7A775A0087103A /* Publushed App Storage.swift */ = {isa = PBXFileReference; lastKnownFileType = sourcecode.swift; path = "Publushed App Storage.swift"; sourceTree = "<group>"; };
		63DC7A522801BE7800010318 /* CupTaster.app */ = {isa = PBXFileReference; explicitFileType = wrapper.application; includeInIndex = 0; path = CupTaster.app; sourceTree = BUILT_PRODUCTS_DIR; };
		63DC7A552801BE7800010318 /* CupTasterApp.swift */ = {isa = PBXFileReference; lastKnownFileType = sourcecode.swift; path = CupTasterApp.swift; sourceTree = "<group>"; };
		63DC7A572801BE7800010318 /* ContentView.swift */ = {isa = PBXFileReference; lastKnownFileType = sourcecode.swift; path = ContentView.swift; sourceTree = "<group>"; wrapsLines = 1; };
		63DC7A592801BE7A00010318 /* Assets.xcassets */ = {isa = PBXFileReference; lastKnownFileType = folder.assetcatalog; path = Assets.xcassets; sourceTree = "<group>"; };
		63DC7A5C2801BE7A00010318 /* Preview Assets.xcassets */ = {isa = PBXFileReference; lastKnownFileType = folder.assetcatalog; path = "Preview Assets.xcassets"; sourceTree = "<group>"; };
		63DD44E22B6FCFA100F1D256 /* Cupping Preview.swift */ = {isa = PBXFileReference; lastKnownFileType = sourcecode.swift; path = "Cupping Preview.swift"; sourceTree = "<group>"; };
		63DD44E42B71213D00F1D256 /* Sample Gestures Controller Model.swift */ = {isa = PBXFileReference; lastKnownFileType = sourcecode.swift; path = "Sample Gestures Controller Model.swift"; sourceTree = "<group>"; };
		63DD44E62B7133D100F1D256 /* Namespace Controller Model.swift */ = {isa = PBXFileReference; lastKnownFileType = sourcecode.swift; path = "Namespace Controller Model.swift"; sourceTree = "<group>"; };
		63DD44E82B71403900F1D256 /* Cupping Settings Modal.swift */ = {isa = PBXFileReference; lastKnownFileType = sourcecode.swift; path = "Cupping Settings Modal.swift"; sourceTree = "<group>"; };
		63DD44EA2B71503D00F1D256 /* Date Component Extractor.swift */ = {isa = PBXFileReference; lastKnownFileType = sourcecode.swift; path = "Date Component Extractor.swift"; sourceTree = "<group>"; };
		63DDB6882A5C0FED00C8ADD6 /* DateFormatter.swift */ = {isa = PBXFileReference; lastKnownFileType = sourcecode.swift; path = DateFormatter.swift; sourceTree = "<group>"; };
		63DE551E2B67E0AC00A21E24 /* Samples Controller Pages.swift */ = {isa = PBXFileReference; lastKnownFileType = sourcecode.swift; path = "Samples Controller Pages.swift"; sourceTree = "<group>"; };
		63E12F302B2353C4000FAACA /* Sample Placeholders.swift */ = {isa = PBXFileReference; lastKnownFileType = sourcecode.swift; path = "Sample Placeholders.swift"; sourceTree = "<group>"; };
		63E7F9122B0677E600415B13 /* Target Scroll.swift */ = {isa = PBXFileReference; lastKnownFileType = sourcecode.swift; path = "Target Scroll.swift"; sourceTree = "<group>"; };
		63EC8FC22B7F984D0091429B /* Setting Location.swift */ = {isa = PBXFileReference; lastKnownFileType = sourcecode.swift; path = "Setting Location.swift"; sourceTree = "<group>"; };
		63EF652E2B695D3E009A9AF3 /* Swipe Actions Style.swift */ = {isa = PBXFileReference; lastKnownFileType = sourcecode.swift; path = "Swipe Actions Style.swift"; sourceTree = "<group>"; };
		63F60D552B72C053002A99FE /* Email Manager.swift */ = {isa = PBXFileReference; lastKnownFileType = sourcecode.swift; path = "Email Manager.swift"; sourceTree = "<group>"; };
		63F60D572B72C222002A99FE /* Setting Cupping Forms.swift */ = {isa = PBXFileReference; lastKnownFileType = sourcecode.swift; path = "Setting Cupping Forms.swift"; sourceTree = "<group>"; };
/* End PBXFileReference section */

/* Begin PBXFrameworksBuildPhase section */
		638152FF28C8DE00008816C9 /* Frameworks */ = {
			isa = PBXFrameworksBuildPhase;
			buildActionMask = 2147483647;
			files = (
			);
			runOnlyForDeploymentPostprocessing = 0;
		};
		63DC7A4F2801BE7800010318 /* Frameworks */ = {
			isa = PBXFrameworksBuildPhase;
			buildActionMask = 2147483647;
			files = (
				63DE55202B68088B00A21E24 /* CloudKit.framework in Frameworks */,
				632F5D2529D83EAE00D7FFB7 /* CodeScanner in Frameworks */,
				634E32AA2B38457D00966509 /* SwipeActions in Frameworks */,
				630704352B7652A00008A846 /* CloudKitSyncMonitor in Frameworks */,
			);
			runOnlyForDeploymentPostprocessing = 0;
		};
/* End PBXFrameworksBuildPhase section */

/* Begin PBXGroup section */
		22242C8A28EF290F00138494 /* Codable Entities */ = {
			isa = PBXGroup;
			children = (
				22242C8128EF27DD00138494 /* CuppingForm Entity.swift */,
				22242C8528EF281200138494 /* QCConfig Entity.swift */,
				22242C8328EF27FF00138494 /* QCGroupConfig Entity.swift */,
				22242C8728EF282900138494 /* QCGHint Entity.swift */,
				226CF02328F19FAF00F853B9 /* QCHint Entity.swift */,
			);
			path = "Codable Entities";
			sourceTree = "<group>";
		};
		22242C8B28EF291B00138494 /* Entities */ = {
			isa = PBXGroup;
			children = (
				633440072B7E83570073658B /* Location Entity.swift */,
				63A1A90A2A556896008D30CE /* Folder Entity.swift */,
				22242C7528EF263B00138494 /* Cupping Entity.swift */,
				22242C7728EF267500138494 /* Sample Entity.swift */,
				22242C7B28EF273700138494 /* SampleGeneralInfo Entity.swift */,
				22242C7D28EF274900138494 /* QualityCriteria Entity.swift */,
				22242C7928EF26A300138494 /* QCGroup Entity.swift */,
			);
			path = Entities;
			sourceTree = "<group>";
		};
		630AD6112B2361BD0016DBFA /* Sample Sections */ = {
			isa = PBXGroup;
			children = (
				630AD6122B2361CC0016DBFA /* Sample Final Score Section.swift */,
				63A223072B23AC7D0066AFD3 /* Sample Checkboxes Section.swift */,
				631422722B3AC79200683F7F /* Sample Chart Section.swift */,
				63729F952A6DAF6600EF0FEE /* Sample Tools Section.swift */,
				6348EE4C2B46F7CF0061B5AA /* Sample General Info Section.swift */,
				6348EE4A2B46F7010061B5AA /* Sample Delete Section.swift */,
				633042442B4C5ACE005BD8F2 /* Sample Elements.swift */,
			);
			path = "Sample Sections";
			sourceTree = "<group>";
		};
		6319F8672A5D59E700EECD62 /* Settings */ = {
			isa = PBXGroup;
			children = (
				6319F8682A5D59F700EECD62 /* Settings.swift */,
				63CCA3822B7A70C40087103A /* Settings Sections.swift */,
				63CCA3812B7A6F150087103A /* Sections */,
			);
			path = Settings;
			sourceTree = "<group>";
		};
		6320A3A92A72BF000069E6B9 /* Evaluation Types */ = {
			isa = PBXGroup;
			children = (
				6320A3AA2A72BF160069E6B9 /* Slider Evaluation.swift */,
				6320A3AC2A72BF3A0069E6B9 /* Radio Evaluation.swift */,
				6320A3AE2A72BF7C0069E6B9 /* Cups Checkboxes.swift */,
				6320A3B02A72BFB70069E6B9 /* Unsupported.swift */,
			);
			path = "Evaluation Types";
			sourceTree = "<group>";
		};
		634D5A502A5ED65800A18B63 /* Components */ = {
			isa = PBXGroup;
			children = (
				63E7F9122B0677E600415B13 /* Target Scroll.swift */,
				6349471D2B13BBDA00A9030B /* Circular Progress.swift */,
				631422702B3AC21C00683F7F /* Rose Chart.swift */,
				636831382B4D8E91008763B1 /* Bottom Sheet.swift */,
			);
			path = Components;
			sourceTree = "<group>";
		};
		6355CAB52B502A680069A7E9 /* Sample Sheet Sections */ = {
			isa = PBXGroup;
			children = (
				6355CAB62B502AA50069A7E9 /* Sample Sheet Notes.swift */,
				639B18B32B5EFC9200F21E53 /* Sample Sheet Value Hints.swift */,
				639B18B52B5F63F500F21E53 /* Sample Sheet Hints.swift */,
			);
			path = "Sample Sheet Sections";
			sourceTree = "<group>";
		};
		63742D16287EA8AB001E8DAB /* CoreData */ = {
			isa = PBXGroup;
			children = (
				22242C8B28EF291B00138494 /* Entities */,
				22242C8A28EF290F00138494 /* Codable Entities */,
				63742D17287EA998001E8DAB /* Persistence.swift */,
				6327BEB628609432000CB3AB /* DataModel.xcdatamodeld */,
			);
			path = CoreData;
			sourceTree = "<group>";
		};
		63742D6428801D02001E8DAB /* Frameworks */ = {
			isa = PBXGroup;
			children = (
				63742D6528801D02001E8DAB /* CloudKit.framework */,
			);
			name = Frameworks;
			sourceTree = "<group>";
		};
		6381530328C8DE00008816C9 /* CupTasterTests */ = {
			isa = PBXGroup;
			children = (
				6381530428C8DE00008816C9 /* CuppingFormsTests.swift */,
			);
			path = CupTasterTests;
			sourceTree = "<group>";
		};
		63A1A9142A5584FA008D30CE /* Styles */ = {
			isa = PBXGroup;
			children = (
				637CB7CD2B386EF50056C32D /* Navigation Appearance.swift */,
				63A1A9172A558685008D30CE /* Sizing & Spacing.swift */,
				63A1A9152A55851A008D30CE /* Button Styles.swift */,
				636712F72AF66CE80042DB00 /* Blur.swift */,
				6372A3742B4FF7F200925E0B /* Resizable Text.swift */,
				6372A3722B4FF46400925E0B /* Bottom Sheet Block.swift */,
				63EF652E2B695D3E009A9AF3 /* Swipe Actions Style.swift */,
			);
			path = Styles;
			sourceTree = "<group>";
		};
		63A88CFE2A4C90C20006AA0F /* Main */ = {
			isa = PBXGroup;
			children = (
				63DD44E22B6FCFA100F1D256 /* Cupping Preview.swift */,
				63729F932A6D7B9300EF0FEE /* Sample Preview.swift */,
				63A88CFF2A4C90CC0006AA0F /* Cuppings */,
				6319F8672A5D59E700EECD62 /* Settings */,
			);
			path = Main;
			sourceTree = "<group>";
		};
		63A88CFF2A4C90CC0006AA0F /* Cuppings */ = {
			isa = PBXGroup;
			children = (
				63A88CFC2A4C90880006AA0F /* Main Tab.swift */,
				631A44C32B6E7842006B6AA7 /* Main Tab Folders.swift */,
				63198EA02A570846004634ED /* Main Tab Empty.swift */,
				6372A3702B4FEBD300925E0B /* Main Tab New Cupping Modal.swift */,
				639AB6942A57258300CB04F7 /* Cupping.swift */,
				63DD44E82B71403900F1D256 /* Cupping Settings Modal.swift */,
			);
			path = Cuppings;
			sourceTree = "<group>";
		};
		63A88D022A4C92640006AA0F /* Helpers */ = {
			isa = PBXGroup;
			children = (
				63A88D052A4C92E00006AA0F /* AppStorage Extensions.swift */,
				6351668E2A52FB32001A0071 /* Integer To Digits.swift */,
				63DDB6882A5C0FED00C8ADD6 /* DateFormatter.swift */,
				636712F32AF637900042DB00 /* Drag Gesture.swift */,
				630AD6142B23A0210016DBFA /* Subscripts.swift */,
				6355CABA2B5038320069A7E9 /* Dismiss Keyboard.swift */,
				63DD44EA2B71503D00F1D256 /* Date Component Extractor.swift */,
				63CCA3842B7A775A0087103A /* Publushed App Storage.swift */,
			);
			path = Helpers;
			sourceTree = "<group>";
		};
		63A88D072A4C96920006AA0F /* Sample */ = {
			isa = PBXGroup;
			children = (
				630DB3022B73BB6400DF08DC /* Samples Stopwatch.swift */,
				63DE551E2B67E0AC00A21E24 /* Samples Controller Pages.swift */,
				63B75D962A6D6799002C350A /* Samples Controller.swift */,
				634D5A4C2A5ED5F200A18B63 /* Sample.swift */,
				636712EF2AF62F190042DB00 /* Sample Bottom Sheet.swift */,
				6355CAB82B502B100069A7E9 /* Sample Bottom Sheet Section.swift */,
				63739BB32A71251200C779ED /* Sample Quality Criteria.swift */,
				63E12F302B2353C4000FAACA /* Sample Placeholders.swift */,
				630AD6112B2361BD0016DBFA /* Sample Sections */,
				6355CAB52B502A680069A7E9 /* Sample Sheet Sections */,
			);
			path = Sample;
			sourceTree = "<group>";
		};
		63A88D082A4C98690006AA0F /* Models */ = {
			isa = PBXGroup;
			children = (
				63B75D942A6D6549002C350A /* Samples Controller Model.swift */,
				63DD44E42B71213D00F1D256 /* Sample Gestures Controller Model.swift */,
				63DD44E62B7133D100F1D256 /* Namespace Controller Model.swift */,
				6331CE7F2B1B90990078984F /* Sample Name Generator Model.swift */,
				630DB3042B750C6500DF08DC /* Stopwatch Model.swift */,
				63343FFD2B7E5F870073658B /* Location Manager.swift */,
				63A88D092A4C98E00006AA0F /* Evaluation.swift */,
				6320A3A92A72BF000069E6B9 /* Evaluation Types */,
				63A88D0C2A4C99380006AA0F /* Cupping Forms */,
				63F60D552B72C053002A99FE /* Email Manager.swift */,
			);
			path = Models;
			sourceTree = "<group>";
		};
		63A88D0B2A4C991B0006AA0F /* Views */ = {
			isa = PBXGroup;
			children = (
				63DC7A572801BE7800010318 /* ContentView.swift */,
				63A88CFE2A4C90C20006AA0F /* Main */,
				63A88D072A4C96920006AA0F /* Sample */,
				634D5A502A5ED65800A18B63 /* Components */,
			);
			path = Views;
			sourceTree = "<group>";
		};
		63A88D0C2A4C99380006AA0F /* Cupping Forms */ = {
			isa = PBXGroup;
			children = (
				63A88D0E2A4C9B250006AA0F /* SCA.json */,
				63A88D102A4C9B390006AA0F /* SCI.json */,
				63A88D122A4C9B580006AA0F /* CoE.json */,
				63A88D142A4C9B780006AA0F /* CFModel.swift */,
				63A88D162A4C9B8C0006AA0F /* CFManager.swift */,
			);
			path = "Cupping Forms";
			sourceTree = "<group>";
		};
		63CCA3812B7A6F150087103A /* Sections */ = {
			isa = PBXGroup;
			children = (
				63F60D572B72C222002A99FE /* Setting Cupping Forms.swift */,
				63EC8FC22B7F984D0091429B /* Setting Location.swift */,
				63CCA37F2B7A6F060087103A /* Setting Tester Panel.swift */,
			);
			path = Sections;
			sourceTree = "<group>";
		};
		63DC7A492801BE7800010318 = {
			isa = PBXGroup;
			children = (
				63DC7A542801BE7800010318 /* CupTaster */,
				6381530328C8DE00008816C9 /* CupTasterTests */,
				63DC7A532801BE7800010318 /* Products */,
				63742D6428801D02001E8DAB /* Frameworks */,
			);
			sourceTree = "<group>";
		};
		63DC7A532801BE7800010318 /* Products */ = {
			isa = PBXGroup;
			children = (
				63DC7A522801BE7800010318 /* CupTaster.app */,
				6381530228C8DE00008816C9 /* CupTasterTests.xctest */,
			);
			name = Products;
			sourceTree = "<group>";
		};
		63DC7A542801BE7800010318 /* CupTaster */ = {
			isa = PBXGroup;
			children = (
				63A88D0B2A4C991B0006AA0F /* Views */,
				63A88D082A4C98690006AA0F /* Models */,
				63A1A9142A5584FA008D30CE /* Styles */,
				63A88D022A4C92640006AA0F /* Helpers */,
				63742D16287EA8AB001E8DAB /* CoreData */,
				63FE777028A4EF0E005CAB53 /* Resources */,
			);
			path = CupTaster;
			sourceTree = "<group>";
		};
		63DC7A5B2801BE7A00010318 /* Preview Content */ = {
			isa = PBXGroup;
			children = (
				63DC7A5C2801BE7A00010318 /* Preview Assets.xcassets */,
			);
			path = "Preview Content";
			sourceTree = "<group>";
		};
		63FE777028A4EF0E005CAB53 /* Resources */ = {
			isa = PBXGroup;
			children = (
				63DC7A552801BE7800010318 /* CupTasterApp.swift */,
				63742D6328801CF5001E8DAB /* CupTaster.entitlements */,
				633B68C828916F77005D32C0 /* Launch Screen.storyboard */,
				63DC7A592801BE7A00010318 /* Assets.xcassets */,
				6371088A288032F60073348C /* Info.plist */,
				63684CDB29AA78C8009C1BDA /* Localizable.strings */,
				63DC7A5B2801BE7A00010318 /* Preview Content */,
			);
			path = Resources;
			sourceTree = "<group>";
		};
/* End PBXGroup section */

/* Begin PBXNativeTarget section */
		6381530128C8DE00008816C9 /* CupTasterTests */ = {
			isa = PBXNativeTarget;
			buildConfigurationList = 6381530A28C8DE01008816C9 /* Build configuration list for PBXNativeTarget "CupTasterTests" */;
			buildPhases = (
				638152FE28C8DE00008816C9 /* Sources */,
				638152FF28C8DE00008816C9 /* Frameworks */,
				6381530028C8DE00008816C9 /* Resources */,
			);
			buildRules = (
			);
			dependencies = (
				6381530728C8DE00008816C9 /* PBXTargetDependency */,
			);
			name = CupTasterTests;
			productName = CupTasterTests;
			productReference = 6381530228C8DE00008816C9 /* CupTasterTests.xctest */;
			productType = "com.apple.product-type.bundle.unit-test";
		};
		63DC7A512801BE7800010318 /* CupTaster */ = {
			isa = PBXNativeTarget;
			buildConfigurationList = 63DC7A602801BE7A00010318 /* Build configuration list for PBXNativeTarget "CupTaster" */;
			buildPhases = (
				63DC7A4E2801BE7800010318 /* Sources */,
				63DC7A4F2801BE7800010318 /* Frameworks */,
				63DC7A502801BE7800010318 /* Resources */,
			);
			buildRules = (
			);
			dependencies = (
			);
			name = CupTaster;
			packageProductDependencies = (
				632F5D2429D83EAE00D7FFB7 /* CodeScanner */,
				634E32A92B38457D00966509 /* SwipeActions */,
				630704342B7652A00008A846 /* CloudKitSyncMonitor */,
			);
			productName = CupTaster;
			productReference = 63DC7A522801BE7800010318 /* CupTaster.app */;
			productType = "com.apple.product-type.application";
		};
/* End PBXNativeTarget section */

/* Begin PBXProject section */
		63DC7A4A2801BE7800010318 /* Project object */ = {
			isa = PBXProject;
			attributes = {
				BuildIndependentTargetsInParallel = 1;
				LastSwiftUpdateCheck = 1400;
				LastUpgradeCheck = 1510;
				TargetAttributes = {
					6381530128C8DE00008816C9 = {
						CreatedOnToolsVersion = 14.0;
						TestTargetID = 63DC7A512801BE7800010318;
					};
					63DC7A512801BE7800010318 = {
						CreatedOnToolsVersion = 13.3;
					};
				};
			};
			buildConfigurationList = 63DC7A4D2801BE7800010318 /* Build configuration list for PBXProject "CupTaster" */;
			compatibilityVersion = "Xcode 13.0";
			developmentRegion = en;
			hasScannedForEncodings = 0;
			knownRegions = (
				en,
				Base,
				ru,
			);
			mainGroup = 63DC7A492801BE7800010318;
			packageReferences = (
				632F5D2329D83EAE00D7FFB7 /* XCRemoteSwiftPackageReference "CodeScanner" */,
				634E32A82B38457D00966509 /* XCRemoteSwiftPackageReference "SwipeActions" */,
				630704332B7652A00008A846 /* XCRemoteSwiftPackageReference "CloudKitSyncMonitor" */,
			);
			productRefGroup = 63DC7A532801BE7800010318 /* Products */;
			projectDirPath = "";
			projectRoot = "";
			targets = (
				63DC7A512801BE7800010318 /* CupTaster */,
				6381530128C8DE00008816C9 /* CupTasterTests */,
			);
		};
/* End PBXProject section */

/* Begin PBXResourcesBuildPhase section */
		6381530028C8DE00008816C9 /* Resources */ = {
			isa = PBXResourcesBuildPhase;
			buildActionMask = 2147483647;
			files = (
			);
			runOnlyForDeploymentPostprocessing = 0;
		};
		63DC7A502801BE7800010318 /* Resources */ = {
			isa = PBXResourcesBuildPhase;
			buildActionMask = 2147483647;
			files = (
				633B68C928916F77005D32C0 /* Launch Screen.storyboard in Resources */,
				63DC7A5D2801BE7A00010318 /* Preview Assets.xcassets in Resources */,
				63A88D132A4C9B580006AA0F /* CoE.json in Resources */,
				63684CD929AA78C8009C1BDA /* Localizable.strings in Resources */,
				63A88D112A4C9B390006AA0F /* SCI.json in Resources */,
				63DC7A5A2801BE7A00010318 /* Assets.xcassets in Resources */,
				63A88D0F2A4C9B250006AA0F /* SCA.json in Resources */,
			);
			runOnlyForDeploymentPostprocessing = 0;
		};
/* End PBXResourcesBuildPhase section */

/* Begin PBXSourcesBuildPhase section */
		638152FE28C8DE00008816C9 /* Sources */ = {
			isa = PBXSourcesBuildPhase;
			buildActionMask = 2147483647;
			files = (
				6381530528C8DE00008816C9 /* CuppingFormsTests.swift in Sources */,
			);
			runOnlyForDeploymentPostprocessing = 0;
		};
		63DC7A4E2801BE7800010318 /* Sources */ = {
			isa = PBXSourcesBuildPhase;
			buildActionMask = 2147483647;
			files = (
				63CCA3852B7A775A0087103A /* Publushed App Storage.swift in Sources */,
				6320A3AD2A72BF3A0069E6B9 /* Radio Evaluation.swift in Sources */,
				22242C7A28EF26A300138494 /* QCGroup Entity.swift in Sources */,
				6320A3AF2A72BF7C0069E6B9 /* Cups Checkboxes.swift in Sources */,
				22242C7628EF263B00138494 /* Cupping Entity.swift in Sources */,
				639AB6952A57258300CB04F7 /* Cupping.swift in Sources */,
				6351668F2A52FB32001A0071 /* Integer To Digits.swift in Sources */,
				637CB7CE2B386EF50056C32D /* Navigation Appearance.swift in Sources */,
				63EC8FC32B7F984D0091429B /* Setting Location.swift in Sources */,
				6372A3732B4FF46400925E0B /* Bottom Sheet Block.swift in Sources */,
				633042452B4C5ACE005BD8F2 /* Sample Elements.swift in Sources */,
				63DD44EB2B71503D00F1D256 /* Date Component Extractor.swift in Sources */,
				63CCA3802B7A6F060087103A /* Setting Tester Panel.swift in Sources */,
				63A88CFD2A4C90880006AA0F /* Main Tab.swift in Sources */,
				6331CE802B1B90990078984F /* Sample Name Generator Model.swift in Sources */,
				63DE551F2B67E0AC00A21E24 /* Samples Controller Pages.swift in Sources */,
				63729F962A6DAF6700EF0FEE /* Sample Tools Section.swift in Sources */,
				630AD6132B2361CC0016DBFA /* Sample Final Score Section.swift in Sources */,
				633440082B7E83570073658B /* Location Entity.swift in Sources */,
				63A1A90B2A556896008D30CE /* Folder Entity.swift in Sources */,
				63EF652F2B695D3E009A9AF3 /* Swipe Actions Style.swift in Sources */,
				631422712B3AC21C00683F7F /* Rose Chart.swift in Sources */,
				63A1A9182A558685008D30CE /* Sizing & Spacing.swift in Sources */,
				631A44C42B6E7842006B6AA7 /* Main Tab Folders.swift in Sources */,
				634D5A4D2A5ED5F200A18B63 /* Sample.swift in Sources */,
				63DC7A582801BE7800010318 /* ContentView.swift in Sources */,
				6327BEB828609432000CB3AB /* DataModel.xcdatamodeld in Sources */,
				22242C7C28EF273700138494 /* SampleGeneralInfo Entity.swift in Sources */,
				63B75D972A6D6799002C350A /* Samples Controller.swift in Sources */,
				63A88D0A2A4C98E00006AA0F /* Evaluation.swift in Sources */,
				636712F82AF66CE80042DB00 /* Blur.swift in Sources */,
				63F60D582B72C222002A99FE /* Setting Cupping Forms.swift in Sources */,
				6372A3712B4FEBD300925E0B /* Main Tab New Cupping Modal.swift in Sources */,
				22242C8628EF281200138494 /* QCConfig Entity.swift in Sources */,
				22242C8828EF282900138494 /* QCGHint Entity.swift in Sources */,
				6320A3AB2A72BF160069E6B9 /* Slider Evaluation.swift in Sources */,
				63E12F312B2353C4000FAACA /* Sample Placeholders.swift in Sources */,
				63739BB42A71251200C779ED /* Sample Quality Criteria.swift in Sources */,
				6355CAB72B502AA50069A7E9 /* Sample Sheet Notes.swift in Sources */,
				63B75D952A6D6549002C350A /* Samples Controller Model.swift in Sources */,
				63F60D562B72C053002A99FE /* Email Manager.swift in Sources */,
				6349471E2B13BBDA00A9030B /* Circular Progress.swift in Sources */,
				22242C8228EF27DD00138494 /* CuppingForm Entity.swift in Sources */,
				6348EE4D2B46F7CF0061B5AA /* Sample General Info Section.swift in Sources */,
				22242C8428EF27FF00138494 /* QCGroupConfig Entity.swift in Sources */,
				6372A3752B4FF7F200925E0B /* Resizable Text.swift in Sources */,
				22242C7E28EF274900138494 /* QualityCriteria Entity.swift in Sources */,
				63DD44E92B71403900F1D256 /* Cupping Settings Modal.swift in Sources */,
				6348EE4B2B46F7010061B5AA /* Sample Delete Section.swift in Sources */,
				6355CAB92B502B100069A7E9 /* Sample Bottom Sheet Section.swift in Sources */,
				63CCA3832B7A70C40087103A /* Settings Sections.swift in Sources */,
				63343FFE2B7E5F870073658B /* Location Manager.swift in Sources */,
				631422732B3AC79200683F7F /* Sample Chart Section.swift in Sources */,
				63A88D152A4C9B780006AA0F /* CFModel.swift in Sources */,
				636712F42AF637900042DB00 /* Drag Gesture.swift in Sources */,
				636831392B4D8E91008763B1 /* Bottom Sheet.swift in Sources */,
				63729F942A6D7B9300EF0FEE /* Sample Preview.swift in Sources */,
				630DB3032B73BB6400DF08DC /* Samples Stopwatch.swift in Sources */,
				63DD44E72B7133D100F1D256 /* Namespace Controller Model.swift in Sources */,
				630DB3052B750C6500DF08DC /* Stopwatch Model.swift in Sources */,
				636712F02AF62F190042DB00 /* Sample Bottom Sheet.swift in Sources */,
				63A223082B23AC7D0066AFD3 /* Sample Checkboxes Section.swift in Sources */,
				6319F8692A5D59F700EECD62 /* Settings.swift in Sources */,
				63DD44E32B6FCFA100F1D256 /* Cupping Preview.swift in Sources */,
				6320A3B12A72BFB70069E6B9 /* Unsupported.swift in Sources */,
				63A88D062A4C92E00006AA0F /* AppStorage Extensions.swift in Sources */,
				63DC7A562801BE7800010318 /* CupTasterApp.swift in Sources */,
				63742D18287EA998001E8DAB /* Persistence.swift in Sources */,
				63DDB6892A5C0FED00C8ADD6 /* DateFormatter.swift in Sources */,
				639B18B62B5F63F500F21E53 /* Sample Sheet Hints.swift in Sources */,
				63A1A9162A55851A008D30CE /* Button Styles.swift in Sources */,
				63198EA12A570846004634ED /* Main Tab Empty.swift in Sources */,
				226CF02428F19FAF00F853B9 /* QCHint Entity.swift in Sources */,
				63A88D172A4C9B8C0006AA0F /* CFManager.swift in Sources */,
				63DD44E52B71213D00F1D256 /* Sample Gestures Controller Model.swift in Sources */,
				22242C7828EF267500138494 /* Sample Entity.swift in Sources */,
				639B18B42B5EFC9200F21E53 /* Sample Sheet Value Hints.swift in Sources */,
				63E7F9132B0677E600415B13 /* Target Scroll.swift in Sources */,
				6355CABB2B5038320069A7E9 /* Dismiss Keyboard.swift in Sources */,
				630AD6152B23A0210016DBFA /* Subscripts.swift in Sources */,
			);
			runOnlyForDeploymentPostprocessing = 0;
		};
/* End PBXSourcesBuildPhase section */

/* Begin PBXTargetDependency section */
		6381530728C8DE00008816C9 /* PBXTargetDependency */ = {
			isa = PBXTargetDependency;
			target = 63DC7A512801BE7800010318 /* CupTaster */;
			targetProxy = 6381530628C8DE00008816C9 /* PBXContainerItemProxy */;
		};
/* End PBXTargetDependency section */

/* Begin PBXVariantGroup section */
		63684CDB29AA78C8009C1BDA /* Localizable.strings */ = {
			isa = PBXVariantGroup;
			children = (
				63684CDA29AA78C8009C1BDA /* en */,
				63684CDD29AA7986009C1BDA /* ru */,
			);
			name = Localizable.strings;
			sourceTree = "<group>";
		};
/* End PBXVariantGroup section */

/* Begin XCBuildConfiguration section */
		6381530828C8DE01008816C9 /* Debug */ = {
			isa = XCBuildConfiguration;
			buildSettings = {
				BUNDLE_LOADER = "$(TEST_HOST)";
				CODE_SIGN_STYLE = Automatic;
				CURRENT_PROJECT_VERSION = 1;
				DEVELOPMENT_TEAM = XW6LRWG87C;
				GENERATE_INFOPLIST_FILE = YES;
				IPHONEOS_DEPLOYMENT_TARGET = 16.0;
				MARKETING_VERSION = 1.0;
				PRODUCT_BUNDLE_IDENTIFIER = com.nnnkbrrr.CupTasterTests;
				PRODUCT_NAME = "$(TARGET_NAME)";
				SWIFT_EMIT_LOC_STRINGS = NO;
				SWIFT_VERSION = 5.0;
				TARGETED_DEVICE_FAMILY = "1,2";
				TEST_HOST = "$(BUILT_PRODUCTS_DIR)/CupTaster.app/$(BUNDLE_EXECUTABLE_FOLDER_PATH)/CupTaster";
			};
			name = Debug;
		};
		6381530928C8DE01008816C9 /* Release */ = {
			isa = XCBuildConfiguration;
			buildSettings = {
				BUNDLE_LOADER = "$(TEST_HOST)";
				CODE_SIGN_STYLE = Automatic;
				CURRENT_PROJECT_VERSION = 1;
				DEVELOPMENT_TEAM = XW6LRWG87C;
				GENERATE_INFOPLIST_FILE = YES;
				IPHONEOS_DEPLOYMENT_TARGET = 16.0;
				MARKETING_VERSION = 1.0;
				PRODUCT_BUNDLE_IDENTIFIER = com.nnnkbrrr.CupTasterTests;
				PRODUCT_NAME = "$(TARGET_NAME)";
				SWIFT_EMIT_LOC_STRINGS = NO;
				SWIFT_VERSION = 5.0;
				TARGETED_DEVICE_FAMILY = "1,2";
				TEST_HOST = "$(BUILT_PRODUCTS_DIR)/CupTaster.app/$(BUNDLE_EXECUTABLE_FOLDER_PATH)/CupTaster";
			};
			name = Release;
		};
		63DC7A5E2801BE7A00010318 /* Debug */ = {
			isa = XCBuildConfiguration;
			buildSettings = {
				ALWAYS_SEARCH_USER_PATHS = NO;
				ASSETCATALOG_COMPILER_GENERATE_SWIFT_ASSET_SYMBOL_EXTENSIONS = YES;
				CLANG_ANALYZER_LOCALIZABILITY_NONLOCALIZED = YES;
				CLANG_ANALYZER_NONNULL = YES;
				CLANG_ANALYZER_NUMBER_OBJECT_CONVERSION = YES_AGGRESSIVE;
				CLANG_CXX_LANGUAGE_STANDARD = "gnu++17";
				CLANG_ENABLE_MODULES = YES;
				CLANG_ENABLE_OBJC_ARC = YES;
				CLANG_ENABLE_OBJC_WEAK = YES;
				CLANG_WARN_BLOCK_CAPTURE_AUTORELEASING = YES;
				CLANG_WARN_BOOL_CONVERSION = YES;
				CLANG_WARN_COMMA = YES;
				CLANG_WARN_CONSTANT_CONVERSION = YES;
				CLANG_WARN_DEPRECATED_OBJC_IMPLEMENTATIONS = YES;
				CLANG_WARN_DIRECT_OBJC_ISA_USAGE = YES_ERROR;
				CLANG_WARN_DOCUMENTATION_COMMENTS = YES;
				CLANG_WARN_EMPTY_BODY = YES;
				CLANG_WARN_ENUM_CONVERSION = YES;
				CLANG_WARN_INFINITE_RECURSION = YES;
				CLANG_WARN_INT_CONVERSION = YES;
				CLANG_WARN_NON_LITERAL_NULL_CONVERSION = YES;
				CLANG_WARN_OBJC_IMPLICIT_RETAIN_SELF = YES;
				CLANG_WARN_OBJC_LITERAL_CONVERSION = YES;
				CLANG_WARN_OBJC_ROOT_CLASS = YES_ERROR;
				CLANG_WARN_QUOTED_INCLUDE_IN_FRAMEWORK_HEADER = YES;
				CLANG_WARN_RANGE_LOOP_ANALYSIS = YES;
				CLANG_WARN_STRICT_PROTOTYPES = YES;
				CLANG_WARN_SUSPICIOUS_MOVE = YES;
				CLANG_WARN_UNGUARDED_AVAILABILITY = YES_AGGRESSIVE;
				CLANG_WARN_UNREACHABLE_CODE = YES;
				CLANG_WARN__DUPLICATE_METHOD_MATCH = YES;
				COPY_PHASE_STRIP = NO;
				DEBUG_INFORMATION_FORMAT = dwarf;
				ENABLE_STRICT_OBJC_MSGSEND = YES;
				ENABLE_TESTABILITY = YES;
				ENABLE_USER_SCRIPT_SANDBOXING = YES;
				GCC_C_LANGUAGE_STANDARD = gnu11;
				GCC_DYNAMIC_NO_PIC = NO;
				GCC_NO_COMMON_BLOCKS = YES;
				GCC_OPTIMIZATION_LEVEL = 0;
				GCC_PREPROCESSOR_DEFINITIONS = (
					"DEBUG=1",
					"$(inherited)",
				);
				GCC_WARN_64_TO_32_BIT_CONVERSION = YES;
				GCC_WARN_ABOUT_RETURN_TYPE = YES_ERROR;
				GCC_WARN_UNDECLARED_SELECTOR = YES;
				GCC_WARN_UNINITIALIZED_AUTOS = YES_AGGRESSIVE;
				GCC_WARN_UNUSED_FUNCTION = YES;
				GCC_WARN_UNUSED_VARIABLE = YES;
				IPHONEOS_DEPLOYMENT_TARGET = 15.0;
				MTL_ENABLE_DEBUG_INFO = INCLUDE_SOURCE;
				MTL_FAST_MATH = YES;
				ONLY_ACTIVE_ARCH = YES;
				SDKROOT = iphoneos;
				SWIFT_ACTIVE_COMPILATION_CONDITIONS = DEBUG;
				SWIFT_EMIT_LOC_STRINGS = YES;
				SWIFT_OPTIMIZATION_LEVEL = "-Onone";
			};
			name = Debug;
		};
		63DC7A5F2801BE7A00010318 /* Release */ = {
			isa = XCBuildConfiguration;
			buildSettings = {
				ALWAYS_SEARCH_USER_PATHS = NO;
				ASSETCATALOG_COMPILER_GENERATE_SWIFT_ASSET_SYMBOL_EXTENSIONS = YES;
				CLANG_ANALYZER_LOCALIZABILITY_NONLOCALIZED = YES;
				CLANG_ANALYZER_NONNULL = YES;
				CLANG_ANALYZER_NUMBER_OBJECT_CONVERSION = YES_AGGRESSIVE;
				CLANG_CXX_LANGUAGE_STANDARD = "gnu++17";
				CLANG_ENABLE_MODULES = YES;
				CLANG_ENABLE_OBJC_ARC = YES;
				CLANG_ENABLE_OBJC_WEAK = YES;
				CLANG_WARN_BLOCK_CAPTURE_AUTORELEASING = YES;
				CLANG_WARN_BOOL_CONVERSION = YES;
				CLANG_WARN_COMMA = YES;
				CLANG_WARN_CONSTANT_CONVERSION = YES;
				CLANG_WARN_DEPRECATED_OBJC_IMPLEMENTATIONS = YES;
				CLANG_WARN_DIRECT_OBJC_ISA_USAGE = YES_ERROR;
				CLANG_WARN_DOCUMENTATION_COMMENTS = YES;
				CLANG_WARN_EMPTY_BODY = YES;
				CLANG_WARN_ENUM_CONVERSION = YES;
				CLANG_WARN_INFINITE_RECURSION = YES;
				CLANG_WARN_INT_CONVERSION = YES;
				CLANG_WARN_NON_LITERAL_NULL_CONVERSION = YES;
				CLANG_WARN_OBJC_IMPLICIT_RETAIN_SELF = YES;
				CLANG_WARN_OBJC_LITERAL_CONVERSION = YES;
				CLANG_WARN_OBJC_ROOT_CLASS = YES_ERROR;
				CLANG_WARN_QUOTED_INCLUDE_IN_FRAMEWORK_HEADER = YES;
				CLANG_WARN_RANGE_LOOP_ANALYSIS = YES;
				CLANG_WARN_STRICT_PROTOTYPES = YES;
				CLANG_WARN_SUSPICIOUS_MOVE = YES;
				CLANG_WARN_UNGUARDED_AVAILABILITY = YES_AGGRESSIVE;
				CLANG_WARN_UNREACHABLE_CODE = YES;
				CLANG_WARN__DUPLICATE_METHOD_MATCH = YES;
				COPY_PHASE_STRIP = NO;
				DEBUG_INFORMATION_FORMAT = "dwarf-with-dsym";
				ENABLE_NS_ASSERTIONS = NO;
				ENABLE_STRICT_OBJC_MSGSEND = YES;
				ENABLE_USER_SCRIPT_SANDBOXING = YES;
				GCC_C_LANGUAGE_STANDARD = gnu11;
				GCC_NO_COMMON_BLOCKS = YES;
				GCC_WARN_64_TO_32_BIT_CONVERSION = YES;
				GCC_WARN_ABOUT_RETURN_TYPE = YES_ERROR;
				GCC_WARN_UNDECLARED_SELECTOR = YES;
				GCC_WARN_UNINITIALIZED_AUTOS = YES_AGGRESSIVE;
				GCC_WARN_UNUSED_FUNCTION = YES;
				GCC_WARN_UNUSED_VARIABLE = YES;
				IPHONEOS_DEPLOYMENT_TARGET = 15.0;
				MTL_ENABLE_DEBUG_INFO = NO;
				MTL_FAST_MATH = YES;
				SDKROOT = iphoneos;
				SWIFT_COMPILATION_MODE = wholemodule;
				SWIFT_EMIT_LOC_STRINGS = YES;
				SWIFT_OPTIMIZATION_LEVEL = "-O";
				VALIDATE_PRODUCT = YES;
			};
			name = Release;
		};
		63DC7A612801BE7A00010318 /* Debug */ = {
			isa = XCBuildConfiguration;
			buildSettings = {
				ASSETCATALOG_COMPILER_APPICON_NAME = AppIcon;
				ASSETCATALOG_COMPILER_GLOBAL_ACCENT_COLOR_NAME = AccentColor;
				CODE_SIGN_ENTITLEMENTS = CupTaster/Resources/CupTaster.entitlements;
				CODE_SIGN_STYLE = Automatic;
				CURRENT_PROJECT_VERSION = 15;
				DEVELOPMENT_ASSET_PATHS = "\"CupTaster/Resources/Preview Content\"";
				DEVELOPMENT_TEAM = XW6LRWG87C;
				ENABLE_PREVIEWS = YES;
				GENERATE_INFOPLIST_FILE = YES;
				INFOPLIST_FILE = CupTaster/Resources/Info.plist;
				INFOPLIST_KEY_CFBundleDisplayName = CupTaster;
				INFOPLIST_KEY_LSApplicationCategoryType = "public.app-category.food-and-drink";
				INFOPLIST_KEY_NSCameraUsageDescription = "Allow access to camera to let CupTaster add photos to cuppings and samples";
				INFOPLIST_KEY_NSLocationWhenInUseUsageDescription = "Allow access to location to attach it to the conducted cuppings.";
				INFOPLIST_KEY_UIApplicationSceneManifest_Generation = YES;
				INFOPLIST_KEY_UIApplicationSupportsIndirectInputEvents = YES;
				INFOPLIST_KEY_UILaunchScreen_Generation = YES;
				INFOPLIST_KEY_UILaunchStoryboardName = "Launch Screen.storyboard";
				INFOPLIST_KEY_UIRequiresFullScreen = NO;
				INFOPLIST_KEY_UIStatusBarStyle = "";
				INFOPLIST_KEY_UISupportedInterfaceOrientations = "UIInterfaceOrientationLandscapeLeft UIInterfaceOrientationLandscapeRight UIInterfaceOrientationPortrait";
				INFOPLIST_KEY_UISupportedInterfaceOrientations_iPad = "UIInterfaceOrientationLandscapeLeft UIInterfaceOrientationLandscapeRight UIInterfaceOrientationPortrait UIInterfaceOrientationPortraitUpsideDown";
				IPHONEOS_DEPLOYMENT_TARGET = 15.0;
				LD_RUNPATH_SEARCH_PATHS = (
					"$(inherited)",
					"@executable_path/Frameworks",
				);
				MARKETING_VERSION = 2.0.0;
				"OTHER_SWIFT_FLAGS[arch=*]" = "-Xfrontend -warn-long-function-bodies=1000 -Xfrontend -warn-long-expression-type-checking=1000";
				PRODUCT_BUNDLE_IDENTIFIER = com.nnnkbrrr.CupTaster;
				PRODUCT_NAME = "$(TARGET_NAME)";
				SUPPORTED_PLATFORMS = "iphoneos iphonesimulator";
				SUPPORTS_MACCATALYST = NO;
				SUPPORTS_MAC_DESIGNED_FOR_IPHONE_IPAD = YES;
				SWIFT_EMIT_LOC_STRINGS = YES;
				SWIFT_VERSION = 5.0;
				TARGETED_DEVICE_FAMILY = "1,2";
			};
			name = Debug;
		};
		63DC7A622801BE7A00010318 /* Release */ = {
			isa = XCBuildConfiguration;
			buildSettings = {
				ASSETCATALOG_COMPILER_APPICON_NAME = AppIcon;
				ASSETCATALOG_COMPILER_GLOBAL_ACCENT_COLOR_NAME = AccentColor;
				CODE_SIGN_ENTITLEMENTS = CupTaster/Resources/CupTaster.entitlements;
				CODE_SIGN_STYLE = Automatic;
				CURRENT_PROJECT_VERSION = 15;
				DEVELOPMENT_ASSET_PATHS = "\"CupTaster/Resources/Preview Content\"";
				DEVELOPMENT_TEAM = XW6LRWG87C;
				ENABLE_PREVIEWS = YES;
				GENERATE_INFOPLIST_FILE = YES;
				INFOPLIST_FILE = CupTaster/Resources/Info.plist;
				INFOPLIST_KEY_CFBundleDisplayName = CupTaster;
				INFOPLIST_KEY_LSApplicationCategoryType = "public.app-category.food-and-drink";
				INFOPLIST_KEY_NSCameraUsageDescription = "Allow access to camera to let CupTaster add photos to cuppings and samples";
				INFOPLIST_KEY_NSLocationWhenInUseUsageDescription = "Allow access to location to attach it to the conducted cuppings.";
				INFOPLIST_KEY_UIApplicationSceneManifest_Generation = YES;
				INFOPLIST_KEY_UIApplicationSupportsIndirectInputEvents = YES;
				INFOPLIST_KEY_UILaunchScreen_Generation = YES;
				INFOPLIST_KEY_UILaunchStoryboardName = "Launch Screen.storyboard";
				INFOPLIST_KEY_UIRequiresFullScreen = NO;
				INFOPLIST_KEY_UIStatusBarStyle = "";
				INFOPLIST_KEY_UISupportedInterfaceOrientations = "UIInterfaceOrientationLandscapeLeft UIInterfaceOrientationLandscapeRight UIInterfaceOrientationPortrait";
				INFOPLIST_KEY_UISupportedInterfaceOrientations_iPad = "UIInterfaceOrientationLandscapeLeft UIInterfaceOrientationLandscapeRight UIInterfaceOrientationPortrait UIInterfaceOrientationPortraitUpsideDown";
				IPHONEOS_DEPLOYMENT_TARGET = 15.0;
				LD_RUNPATH_SEARCH_PATHS = (
					"$(inherited)",
					"@executable_path/Frameworks",
				);
				MARKETING_VERSION = 2.0.0;
				PRODUCT_BUNDLE_IDENTIFIER = com.nnnkbrrr.CupTaster;
				PRODUCT_NAME = "$(TARGET_NAME)";
				SUPPORTED_PLATFORMS = "iphoneos iphonesimulator";
				SUPPORTS_MACCATALYST = NO;
				SUPPORTS_MAC_DESIGNED_FOR_IPHONE_IPAD = YES;
				SWIFT_EMIT_LOC_STRINGS = YES;
				SWIFT_VERSION = 5.0;
				TARGETED_DEVICE_FAMILY = "1,2";
			};
			name = Release;
		};
/* End XCBuildConfiguration section */

/* Begin XCConfigurationList section */
		6381530A28C8DE01008816C9 /* Build configuration list for PBXNativeTarget "CupTasterTests" */ = {
			isa = XCConfigurationList;
			buildConfigurations = (
				6381530828C8DE01008816C9 /* Debug */,
				6381530928C8DE01008816C9 /* Release */,
			);
			defaultConfigurationIsVisible = 0;
			defaultConfigurationName = Release;
		};
		63DC7A4D2801BE7800010318 /* Build configuration list for PBXProject "CupTaster" */ = {
			isa = XCConfigurationList;
			buildConfigurations = (
				63DC7A5E2801BE7A00010318 /* Debug */,
				63DC7A5F2801BE7A00010318 /* Release */,
			);
			defaultConfigurationIsVisible = 0;
			defaultConfigurationName = Release;
		};
		63DC7A602801BE7A00010318 /* Build configuration list for PBXNativeTarget "CupTaster" */ = {
			isa = XCConfigurationList;
			buildConfigurations = (
				63DC7A612801BE7A00010318 /* Debug */,
				63DC7A622801BE7A00010318 /* Release */,
			);
			defaultConfigurationIsVisible = 0;
			defaultConfigurationName = Release;
		};
/* End XCConfigurationList section */

/* Begin XCRemoteSwiftPackageReference section */
		630704332B7652A00008A846 /* XCRemoteSwiftPackageReference "CloudKitSyncMonitor" */ = {
			isa = XCRemoteSwiftPackageReference;
			repositoryURL = "https://github.com/ggruen/CloudKitSyncMonitor.git";
			requirement = {
				kind = upToNextMajorVersion;
				minimumVersion = 1.2.1;
			};
		};
		632F5D2329D83EAE00D7FFB7 /* XCRemoteSwiftPackageReference "CodeScanner" */ = {
			isa = XCRemoteSwiftPackageReference;
			repositoryURL = "https://github.com/twostraws/CodeScanner";
			requirement = {
				kind = upToNextMajorVersion;
				minimumVersion = 2.0.0;
			};
		};
		634E32A82B38457D00966509 /* XCRemoteSwiftPackageReference "SwipeActions" */ = {
			isa = XCRemoteSwiftPackageReference;
			repositoryURL = "https://github.com/aheze/SwipeActions";
			requirement = {
				kind = upToNextMajorVersion;
				minimumVersion = 1.1.0;
			};
		};
/* End XCRemoteSwiftPackageReference section */

/* Begin XCSwiftPackageProductDependency section */
		630704342B7652A00008A846 /* CloudKitSyncMonitor */ = {
			isa = XCSwiftPackageProductDependency;
			package = 630704332B7652A00008A846 /* XCRemoteSwiftPackageReference "CloudKitSyncMonitor" */;
			productName = CloudKitSyncMonitor;
		};
		632F5D2429D83EAE00D7FFB7 /* CodeScanner */ = {
			isa = XCSwiftPackageProductDependency;
			package = 632F5D2329D83EAE00D7FFB7 /* XCRemoteSwiftPackageReference "CodeScanner" */;
			productName = CodeScanner;
		};
		634E32A92B38457D00966509 /* SwipeActions */ = {
			isa = XCSwiftPackageProductDependency;
			package = 634E32A82B38457D00966509 /* XCRemoteSwiftPackageReference "SwipeActions" */;
			productName = SwipeActions;
		};
/* End XCSwiftPackageProductDependency section */

/* Begin XCVersionGroup section */
		6327BEB628609432000CB3AB /* DataModel.xcdatamodeld */ = {
			isa = XCVersionGroup;
			children = (
				6327BEB728609432000CB3AB /* DataModel.xcdatamodel */,
			);
			currentVersion = 6327BEB728609432000CB3AB /* DataModel.xcdatamodel */;
			path = DataModel.xcdatamodeld;
			sourceTree = "<group>";
			versionGroupType = wrapper.xcdatamodel;
		};
/* End XCVersionGroup section */
	};
	rootObject = 63DC7A4A2801BE7800010318 /* Project object */;
}
